PODS:
  - Bolts-Swift (1.5.0)
  - Bolts/Tasks (1.9.1)
  - CommonKeyboard (1.0.4)
  - Kingfisher (5.14.0):
    - Kingfisher/Core (= 5.14.0)
  - Kingfisher/Core (5.14.0)
  - NewYorkAlert (1.0.0)
  - Parse (1.18.0):
    - Parse/Core (= 1.18.0)
  - Parse/Core (1.18.0):
    - Bolts/Tasks (= 1.9.1)
  - ParseLiveQuery (2.7.1):
    - Bolts-Swift (~> 1.5.0)
    - Parse (~> 1.18.0)
    - Starscream (= 3.1.0)
  - PINCache (3.0.1-beta.6):
    - PINCache/Arc-exception-safe (= 3.0.1-beta.6)
    - PINCache/Core (= 3.0.1-beta.6)
  - PINCache/Arc-exception-safe (3.0.1-beta.6):
    - PINCache/Core
  - PINCache/Core (3.0.1-beta.6):
    - PINOperation (~> 1.1.0)
  - PINOperation (1.1.2)
  - PINRemoteImage/Core (3.0.0-beta.13):
    - PINOperation
  - PINRemoteImage/iOS (3.0.0-beta.13):
    - PINRemoteImage/Core
  - PINRemoteImage/PINCache (3.0.0-beta.13):
    - PINCache (= 3.0.1-beta.6)
    - PINRemoteImage/Core
  - PryntTrimmerView (4.0.0)
  - QuickBlox (2.17.4)
  - Quickblox-WebRTC (2.7.5):
    - QuickBlox (>= 2.7.5)
  - SDWebImage (4.4.8):
    - SDWebImage/Core (= 4.4.8)
  - SDWebImage/Core (4.4.8)
  - Starscream (3.1.0)
  - SteviaLayout (4.7.3)
  - SVProgressHUD (2.2.5)
  - Texture (2.8.1):
    - Texture/AssetsLibrary (= 2.8.1)
    - Texture/Core (= 2.8.1)
    - Texture/MapKit (= 2.8.1)
    - Texture/Photos (= 2.8.1)
    - Texture/PINRemoteImage (= 2.8.1)
    - Texture/Video (= 2.8.1)
  - Texture/AssetsLibrary (2.8.1):
    - Texture/Core
  - Texture/Core (2.8.1)
  - Texture/MapKit (2.8.1):
    - Texture/Core
  - Texture/Photos (2.8.1):
    - Texture/Core
  - Texture/PINRemoteImage (2.8.1):
    - PINRemoteImage/iOS (= 3.0.0-beta.13)
    - PINRemoteImage/PINCache
    - Texture/Core
  - Texture/Video (2.8.1):
    - Texture/Core
  - TTTAttributedLabel (2.0.0)
  - YPImagePicker (4.2.1):
    - PryntTrimmerView (~> 4.0.0)
    - SteviaLayout (~> 4.7.3)

DEPENDENCIES:
  - CommonKeyboard
  - Kingfisher (~> 5.0)
  - NewYorkAlert
  - Parse
  - ParseLiveQuery
  - QuickBlox (~> 2.17.4)
  - Quickblox-WebRTC (~> 2.7.4)
  - SDWebImage (~> 4.4.7)
  - SVProgressHUD
  - Texture
  - TTTAttributedLabel (~> 2.0.0)
  - YPImagePicker

SPEC REPOS:
  trunk:
    - Bolts
    - Bolts-Swift
    - CommonKeyboard
    - Kingfisher
    - NewYorkAlert
    - Parse
    - ParseLiveQuery
    - PINCache
    - PINOperation
    - PINRemoteImage
    - PryntTrimmerView
    - QuickBlox
    - Quickblox-WebRTC
    - SDWebImage
    - Starscream
    - SteviaLayout
    - SVProgressHUD
    - Texture
    - TTTAttributedLabel
    - YPImagePicker

SPEC CHECKSUMS:
  Bolts: 8c1e8aab2f603387b8b9924f57d1d64f43d3ffdc
  Bolts-Swift: afbbaf8c8186e7f769be4afa656949c14087ba44
  CommonKeyboard: ed9c85e008ff5788a3207c10e366566dd7cb80b2
  Kingfisher: 7b64389a43139c903ec434788344c288217c792d
  NewYorkAlert: cf254ead7dabf55f3bdb728e56673a855034722f
  Parse: 79bdda34fdb7eb2a707a43a951c8aae236cb3e34
  ParseLiveQuery: bcb96da6d782c953ea96fba2883ff298b05cc0f4
  PINCache: d195fdba255283f7e9900a55e3cced377f431f9b
  PINOperation: 24b774353ca248fcf87d67b2d61eef42087c125a
  PINRemoteImage: d6d51c5d2adda55f1ce30c96e850b6c4ebd2856a
  PryntTrimmerView: 67e67573ffd4c073f1308effa66aefd0cfa667a0
  QuickBlox: 992be26bc127313991a1337dfd98c9359832c147
  Quickblox-WebRTC: 6be5253719fc8b747408fdac53985d04d40f3172
  SDWebImage: 783af2c3fa36291a250030c4752ee370a9a51d13
  Starscream: 08172b481e145289c4930cb567230fb55897cfa4
  SteviaLayout: c2ecdcff57d44e38fd2f65e54ad52aeae28ca0c4
  SVProgressHUD: 1428aafac632c1f86f62aa4243ec12008d7a51d6
  Texture: 8ecf6984065a1e54f06bf97b349ecca28582acd7
  TTTAttributedLabel: 8cffe8e127e4e82ff3af1e5386d4cd0ad000b656
  YPImagePicker: 3b88ca0c50134af2856c48c481572c98a8b8b65b

PODFILE CHECKSUM: 821be2f764fb30fe554f3497571269c1e4615737

COCOAPODS: 1.8.4
