// !$*UTF8*$!
{
	archiveVersion = 1;
	classes = {
	};
	objectVersion = 51;
	objects = {

/* Begin PBXBuildFile section */
		2B23E8C324EBF96100EC89AB /* WhoViewedYourProfileViewController.swift in Sources */ = {isa = PBXBuildFile; fileRef = 2B23E8C224EBF96100EC89AB /* WhoViewedYourProfileViewController.swift */; };
		2B2FD80724C8D99E0042BF6D /* LoginViewController.swift in Sources */ = {isa = PBXBuildFile; fileRef = 2B2FD80524C8D99E0042BF6D /* LoginViewController.swift */; };
		2B2FD80824C8D99E0042BF6D /* LoginViewController.xib in Resources */ = {isa = PBXBuildFile; fileRef = 2B2FD80624C8D99E0042BF6D /* LoginViewController.xib */; };
		2B2FD80B24DEABB40042BF6D /* MainScreenCollectionViewCell.swift in Sources */ = {isa = PBXBuildFile; fileRef = 2B2FD80924DEABB40042BF6D /* MainScreenCollectionViewCell.swift */; };
		2B2FD80C24DEABB40042BF6D /* MainScreenCollectionViewCell.xib in Resources */ = {isa = PBXBuildFile; fileRef = 2B2FD80A24DEABB40042BF6D /* MainScreenCollectionViewCell.xib */; };
		2B3A35D524DF1A630014FF4B /* TimeAgo.swift in Sources */ = {isa = PBXBuildFile; fileRef = 2B3A35D424DF1A630014FF4B /* TimeAgo.swift */; };
		2B3A35D924E042150014FF4B /* UserProfileViewController.swift in Sources */ = {isa = PBXBuildFile; fileRef = 2B3A35D724E042150014FF4B /* UserProfileViewController.swift */; };
		2B3A35DA24E042150014FF4B /* UserProfileViewController.xib in Resources */ = {isa = PBXBuildFile; fileRef = 2B3A35D824E042150014FF4B /* UserProfileViewController.xib */; };
		2B76135B24E96A5400063465 /* FeedCellNode.swift in Sources */ = {isa = PBXBuildFile; fileRef = 2B76135A24E96A5400063465 /* FeedCellNode.swift */; };
		2B76135F24EA688500063465 /* ImageCellNode.swift in Sources */ = {isa = PBXBuildFile; fileRef = 2B76135E24EA688400063465 /* ImageCellNode.swift */; };
		2B76136124EAF75F00063465 /* ImageScrollView.swift in Sources */ = {isa = PBXBuildFile; fileRef = 2B76136024EAF75F00063465 /* ImageScrollView.swift */; };
		2B76136424EAF78900063465 /* ImageViewerViewController.swift in Sources */ = {isa = PBXBuildFile; fileRef = 2B76136224EAF78900063465 /* ImageViewerViewController.swift */; };
		2B76136524EAF78900063465 /* ImageViewerViewController.xib in Resources */ = {isa = PBXBuildFile; fileRef = 2B76136324EAF78900063465 /* ImageViewerViewController.xib */; };
		2B83415B24F04EB700B74673 /* EnterChatNameVC.swift in Sources */ = {isa = PBXBuildFile; fileRef = 2B83415724F04EB700B74673 /* EnterChatNameVC.swift */; };
		2B83415C24F04EB700B74673 /* UserTableViewCell.swift in Sources */ = {isa = PBXBuildFile; fileRef = 2B83415824F04EB700B74673 /* UserTableViewCell.swift */; };
		2B83415D24F04EB700B74673 /* UserTableViewCell.xib in Resources */ = {isa = PBXBuildFile; fileRef = 2B83415924F04EB700B74673 /* UserTableViewCell.xib */; };
		2B83415E24F04EB700B74673 /* NewCreateNewDialogVC.swift in Sources */ = {isa = PBXBuildFile; fileRef = 2B83415A24F04EB700B74673 /* NewCreateNewDialogVC.swift */; };
		2B83416124F04F5B00B74673 /* UsersInfoTableViewController.swift in Sources */ = {isa = PBXBuildFile; fileRef = 2B83416024F04F5A00B74673 /* UsersInfoTableViewController.swift */; };
		2B83416324F0542000B74673 /* DialogsNewViewController.swift in Sources */ = {isa = PBXBuildFile; fileRef = 2B83416224F0542000B74673 /* DialogsNewViewController.swift */; };
		2B83416624F1400300B74673 /* DialogCellNew.swift in Sources */ = {isa = PBXBuildFile; fileRef = 2B83416424F1400300B74673 /* DialogCellNew.swift */; };
		2B83416724F1400300B74673 /* DialogCellNew.xib in Resources */ = {isa = PBXBuildFile; fileRef = 2B83416524F1400300B74673 /* DialogCellNew.xib */; };
		2B83417224F2FF6800B74673 /* ProfileView.swift in Sources */ = {isa = PBXBuildFile; fileRef = 2B83417124F2FF6800B74673 /* ProfileView.swift */; };
		2B8341A224F9853600B74673 /* ChatNewViewController.swift in Sources */ = {isa = PBXBuildFile; fileRef = 2B83419E24F9853500B74673 /* ChatNewViewController.swift */; };
		2B8341A324F9853600B74673 /* ChatNewViewController.xib in Resources */ = {isa = PBXBuildFile; fileRef = 2B83419F24F9853500B74673 /* ChatNewViewController.xib */; };
		2B8341A424F9853600B74673 /* Chat.storyboard in Resources */ = {isa = PBXBuildFile; fileRef = 2B8341A024F9853500B74673 /* Chat.storyboard */; };
		2B8341A524F9853600B74673 /* ChatViewController.swift in Sources */ = {isa = PBXBuildFile; fileRef = 2B8341A124F9853600B74673 /* ChatViewController.swift */; };
		2B8341A824F9855200B74673 /* ChatDataSource.swift in Sources */ = {isa = PBXBuildFile; fileRef = 2B8341A724F9855200B74673 /* ChatDataSource.swift */; };
		2B8341AD24F9856400B74673 /* ParentVideoVC.swift in Sources */ = {isa = PBXBuildFile; fileRef = 2B8341AA24F9856400B74673 /* ParentVideoVC.swift */; };
		2B8341AE24F9856400B74673 /* ZoomedAttachmentViewController.swift in Sources */ = {isa = PBXBuildFile; fileRef = 2B8341AB24F9856400B74673 /* ZoomedAttachmentViewController.swift */; };
		2B8341AF24F9856400B74673 /* PDFViewController.swift in Sources */ = {isa = PBXBuildFile; fileRef = 2B8341AC24F9856400B74673 /* PDFViewController.swift */; };
		2B8341B324F9857900B74673 /* ChatActionCell.swift in Sources */ = {isa = PBXBuildFile; fileRef = 2B8341B124F9857900B74673 /* ChatActionCell.swift */; };
		2B8341B424F9857900B74673 /* ChatPopVC.swift in Sources */ = {isa = PBXBuildFile; fileRef = 2B8341B224F9857900B74673 /* ChatPopVC.swift */; };
		2B8341B824F9858D00B74673 /* SelectAssetsVC.swift in Sources */ = {isa = PBXBuildFile; fileRef = 2B8341B624F9858D00B74673 /* SelectAssetsVC.swift */; };
		2B8341B924F9858D00B74673 /* SelectAssetCell.swift in Sources */ = {isa = PBXBuildFile; fileRef = 2B8341B724F9858D00B74673 /* SelectAssetCell.swift */; };
		2B8341BD24FA8DDD00B74673 /* EditProfileViewController.swift in Sources */ = {isa = PBXBuildFile; fileRef = 2B8341BB24FA8DDD00B74673 /* EditProfileViewController.swift */; };
		2B8341BE24FA8DDD00B74673 /* EditProfileViewController.xib in Resources */ = {isa = PBXBuildFile; fileRef = 2B8341BC24FA8DDD00B74673 /* EditProfileViewController.xib */; };
		2B8341D224FBA86500B74673 /* SettingsViewController.swift in Sources */ = {isa = PBXBuildFile; fileRef = 2B8341D024FBA86500B74673 /* SettingsViewController.swift */; };
		2B8341D324FBA86500B74673 /* SettingsViewController.xib in Resources */ = {isa = PBXBuildFile; fileRef = 2B8341D124FBA86500B74673 /* SettingsViewController.xib */; };
		2B8341D624FBAB4B00B74673 /* SettingsTableViewCell.swift in Sources */ = {isa = PBXBuildFile; fileRef = 2B8341D424FBAB4B00B74673 /* SettingsTableViewCell.swift */; };
		2B8341D724FBAB4B00B74673 /* SettingsTableViewCell.xib in Resources */ = {isa = PBXBuildFile; fileRef = 2B8341D524FBAB4B00B74673 /* SettingsTableViewCell.xib */; };
		2B8341D924FBDDCE00B74673 /* countries.json in Resources */ = {isa = PBXBuildFile; fileRef = 2B8341D824FBDDCE00B74673 /* countries.json */; };
		2B9E97ED24C6FBDA00ED7A68 /* AppDelegate.swift in Sources */ = {isa = PBXBuildFile; fileRef = 2B9E97EC24C6FBDA00ED7A68 /* AppDelegate.swift */; };
		2B9E97F124C6FBDA00ED7A68 /* ViewController.swift in Sources */ = {isa = PBXBuildFile; fileRef = 2B9E97F024C6FBDA00ED7A68 /* ViewController.swift */; };
		2B9E97F424C6FBDA00ED7A68 /* Main.storyboard in Resources */ = {isa = PBXBuildFile; fileRef = 2B9E97F224C6FBDA00ED7A68 /* Main.storyboard */; };
		2B9E97F624C6FBDA00ED7A68 /* Assets.xcassets in Resources */ = {isa = PBXBuildFile; fileRef = 2B9E97F524C6FBDA00ED7A68 /* Assets.xcassets */; };
		2B9E97F924C6FBDA00ED7A68 /* LaunchScreen.storyboard in Resources */ = {isa = PBXBuildFile; fileRef = 2B9E97F724C6FBDA00ED7A68 /* LaunchScreen.storyboard */; };
		2B9E980324C6FC4C00ED7A68 /* SKActivityIndicatorView.swift in Sources */ = {isa = PBXBuildFile; fileRef = 2B9E980124C6FC4C00ED7A68 /* SKActivityIndicatorView.swift */; };
		2B9E980424C6FC4C00ED7A68 /* SKActivityIndicatorViewStyle.swift in Sources */ = {isa = PBXBuildFile; fileRef = 2B9E980224C6FC4C00ED7A68 /* SKActivityIndicatorViewStyle.swift */; };
		2B9E980824C6FC6300ED7A68 /* SignUpViewController.swift in Sources */ = {isa = PBXBuildFile; fileRef = 2B9E980624C6FC6300ED7A68 /* SignUpViewController.swift */; };
		2B9E980924C6FC6300ED7A68 /* SignUpViewController.xib in Resources */ = {isa = PBXBuildFile; fileRef = 2B9E980724C6FC6300ED7A68 /* SignUpViewController.xib */; };
		2B9E980E24C6FC7300ED7A68 /* ParseUtilities.swift in Sources */ = {isa = PBXBuildFile; fileRef = 2B9E980B24C6FC7200ED7A68 /* ParseUtilities.swift */; };
		2B9E980F24C6FC7300ED7A68 /* Utilities.swift in Sources */ = {isa = PBXBuildFile; fileRef = 2B9E980C24C6FC7200ED7A68 /* Utilities.swift */; };
		2B9E981024C6FC7300ED7A68 /* Extensions.swift in Sources */ = {isa = PBXBuildFile; fileRef = 2B9E980D24C6FC7200ED7A68 /* Extensions.swift */; };
		2B9E981C24C70D4A00ED7A68 /* MainAppViewController.swift in Sources */ = {isa = PBXBuildFile; fileRef = 2B9E981B24C70D4A00ED7A68 /* MainAppViewController.swift */; };
		2B9E982A24C7614100ED7A68 /* SignUpSecondViewController.swift in Sources */ = {isa = PBXBuildFile; fileRef = 2B9E982824C7614100ED7A68 /* SignUpSecondViewController.swift */; };
		2B9E982B24C7614100ED7A68 /* SignUpSecondViewController.xib in Resources */ = {isa = PBXBuildFile; fileRef = 2B9E982924C7614100ED7A68 /* SignUpSecondViewController.xib */; };
		2BC589CF24ECFCD300EB3DB2 /* SearchViewController.swift in Sources */ = {isa = PBXBuildFile; fileRef = 2BC589CE24ECFCD300EB3DB2 /* SearchViewController.swift */; };
		2BC589D224EE9D7E00EB3DB2 /* NotLoggedInView.swift in Sources */ = {isa = PBXBuildFile; fileRef = 2BC589D124EE9D7E00EB3DB2 /* NotLoggedInView.swift */; };
		2BC589D424EE9DBC00EB3DB2 /* NotLoggedInView.xib in Resources */ = {isa = PBXBuildFile; fileRef = 2BC589D324EE9DBC00EB3DB2 /* NotLoggedInView.xib */; };
		2BC589D824EFA54F00EB3DB2 /* QuickbloxUtilities.swift in Sources */ = {isa = PBXBuildFile; fileRef = 2BC589D724EFA54F00EB3DB2 /* QuickbloxUtilities.swift */; };
		2BC589EB24EFD6EF00EB3DB2 /* DialogsViewController.swift in Sources */ = {isa = PBXBuildFile; fileRef = 2BC589E724EFD6EF00EB3DB2 /* DialogsViewController.swift */; };
		2BC589EC24EFD6EF00EB3DB2 /* DialogsSelectionVC.swift in Sources */ = {isa = PBXBuildFile; fileRef = 2BC589E824EFD6EF00EB3DB2 /* DialogsSelectionVC.swift */; };
		2BC589ED24EFD6EF00EB3DB2 /* DialogCell.swift in Sources */ = {isa = PBXBuildFile; fileRef = 2BC589E924EFD6EF00EB3DB2 /* DialogCell.swift */; };
		2BC589EE24EFD6EF00EB3DB2 /* Dialogs.storyboard in Resources */ = {isa = PBXBuildFile; fileRef = 2BC589EA24EFD6EF00EB3DB2 /* Dialogs.storyboard */; };
		2BC589F424EFD76000EB3DB2 /* ChatManager.swift in Sources */ = {isa = PBXBuildFile; fileRef = 2BC589F224EFD75F00EB3DB2 /* ChatManager.swift */; };
		2BC589F524EFD76000EB3DB2 /* ChatStorage.swift in Sources */ = {isa = PBXBuildFile; fileRef = 2BC589F324EFD76000EB3DB2 /* ChatStorage.swift */; };
		2BC589F924EFD76B00EB3DB2 /* AttachmentDownloadManager.swift in Sources */ = {isa = PBXBuildFile; fileRef = 2BC589F624EFD76A00EB3DB2 /* AttachmentDownloadManager.swift */; };
		2BC589FA24EFD76B00EB3DB2 /* AttachmentDownloadOperation.swift in Sources */ = {isa = PBXBuildFile; fileRef = 2BC589F724EFD76B00EB3DB2 /* AttachmentDownloadOperation.swift */; };
		2BC589FB24EFD76B00EB3DB2 /* CacheManager.swift in Sources */ = {isa = PBXBuildFile; fileRef = 2BC589F824EFD76B00EB3DB2 /* CacheManager.swift */; };
		2BC589FD24EFD77200EB3DB2 /* AsyncOperation.swift in Sources */ = {isa = PBXBuildFile; fileRef = 2BC589FC24EFD77200EB3DB2 /* AsyncOperation.swift */; };
		2BC58A1024EFD7FF00EB3DB2 /* UIColor+Extention.swift in Sources */ = {isa = PBXBuildFile; fileRef = 2BC58A0024EFD7FD00EB3DB2 /* UIColor+Extention.swift */; };
		2BC58A1124EFD7FF00EB3DB2 /* Date+Extention.swift in Sources */ = {isa = PBXBuildFile; fileRef = 2BC58A0124EFD7FD00EB3DB2 /* Date+Extention.swift */; };
		2BC58A1224EFD7FF00EB3DB2 /* UIButton+Extention.swift in Sources */ = {isa = PBXBuildFile; fileRef = 2BC58A0224EFD7FD00EB3DB2 /* UIButton+Extention.swift */; };
		2BC58A1324EFD7FF00EB3DB2 /* UILabel+Extention.swift in Sources */ = {isa = PBXBuildFile; fileRef = 2BC58A0324EFD7FE00EB3DB2 /* UILabel+Extention.swift */; };
		2BC58A1424EFD7FF00EB3DB2 /* UISearchBar+Extention.swift in Sources */ = {isa = PBXBuildFile; fileRef = 2BC58A0424EFD7FE00EB3DB2 /* UISearchBar+Extention.swift */; };
		2BC58A1524EFD7FF00EB3DB2 /* UIImage+Extention.swift in Sources */ = {isa = PBXBuildFile; fileRef = 2BC58A0524EFD7FE00EB3DB2 /* UIImage+Extention.swift */; };
		2BC58A1624EFD7FF00EB3DB2 /* UITextField+Extention.swift in Sources */ = {isa = PBXBuildFile; fileRef = 2BC58A0624EFD7FE00EB3DB2 /* UITextField+Extention.swift */; };
		2BC58A1724EFD7FF00EB3DB2 /* PHAsset+Extention.swift in Sources */ = {isa = PBXBuildFile; fileRef = 2BC58A0724EFD7FE00EB3DB2 /* PHAsset+Extention.swift */; };
		2BC58A1824EFD7FF00EB3DB2 /* UIViewController+Extention.swift in Sources */ = {isa = PBXBuildFile; fileRef = 2BC58A0824EFD7FE00EB3DB2 /* UIViewController+Extention.swift */; };
		2BC58A1924EFD7FF00EB3DB2 /* Double+Extention.swift in Sources */ = {isa = PBXBuildFile; fileRef = 2BC58A0924EFD7FE00EB3DB2 /* Double+Extention.swift */; };
		2BC58A1A24EFD7FF00EB3DB2 /* ImageView+Extention.swift in Sources */ = {isa = PBXBuildFile; fileRef = 2BC58A0A24EFD7FE00EB3DB2 /* ImageView+Extention.swift */; };
		2BC58A1B24EFD7FF00EB3DB2 /* String+Extention.swift in Sources */ = {isa = PBXBuildFile; fileRef = 2BC58A0B24EFD7FE00EB3DB2 /* String+Extention.swift */; };
		2BC58A1C24EFD7FF00EB3DB2 /* CALayer+Blur.swift in Sources */ = {isa = PBXBuildFile; fileRef = 2BC58A0C24EFD7FE00EB3DB2 /* CALayer+Blur.swift */; };
		2BC58A1D24EFD7FF00EB3DB2 /* UIView+Extention.swift in Sources */ = {isa = PBXBuildFile; fileRef = 2BC58A0D24EFD7FF00EB3DB2 /* UIView+Extention.swift */; };
		2BC58A1E24EFD7FF00EB3DB2 /* URL+Extention.swift in Sources */ = {isa = PBXBuildFile; fileRef = 2BC58A0E24EFD7FF00EB3DB2 /* URL+Extention.swift */; };
		2BC58A1F24EFD7FF00EB3DB2 /* UITableView+EmptyAlert.swift in Sources */ = {isa = PBXBuildFile; fileRef = 2BC58A0F24EFD7FF00EB3DB2 /* UITableView+EmptyAlert.swift */; };
		2BC58A2224EFD92000EB3DB2 /* Reachability.swift in Sources */ = {isa = PBXBuildFile; fileRef = 2BC58A2124EFD92000EB3DB2 /* Reachability.swift */; };
		2BC58A2A24EFDAC900EB3DB2 /* Profile.swift in Sources */ = {isa = PBXBuildFile; fileRef = 2BC58A2924EFDAC900EB3DB2 /* Profile.swift */; };
		2BC58A3A24EFDB3900EB3DB2 /* DarkenedHoleView.xib in Resources */ = {isa = PBXBuildFile; fileRef = 2BC58A2D24EFDB3800EB3DB2 /* DarkenedHoleView.xib */; };
		2BC58A3B24EFDB3900EB3DB2 /* CornerView.swift in Sources */ = {isa = PBXBuildFile; fileRef = 2BC58A2E24EFDB3800EB3DB2 /* CornerView.swift */; };
		2BC58A3C24EFDB3900EB3DB2 /* TitleView.swift in Sources */ = {isa = PBXBuildFile; fileRef = 2BC58A2F24EFDB3800EB3DB2 /* TitleView.swift */; };
		2BC58A3D24EFDB3900EB3DB2 /* ChatPrivateTitleView.swift in Sources */ = {isa = PBXBuildFile; fileRef = 2BC58A3024EFDB3800EB3DB2 /* ChatPrivateTitleView.swift */; };
		2BC58A3E24EFDB3900EB3DB2 /* ActionCell.swift in Sources */ = {isa = PBXBuildFile; fileRef = 2BC58A3124EFDB3800EB3DB2 /* ActionCell.swift */; };
		2BC58A3F24EFDB3900EB3DB2 /* CoverTableView.xib in Resources */ = {isa = PBXBuildFile; fileRef = 2BC58A3224EFDB3800EB3DB2 /* CoverTableView.xib */; };
		2BC58A4024EFDB3900EB3DB2 /* CoverTableView.swift in Sources */ = {isa = PBXBuildFile; fileRef = 2BC58A3324EFDB3800EB3DB2 /* CoverTableView.swift */; };
		2BC58A4124EFDB3900EB3DB2 /* CircularProgressBar.swift in Sources */ = {isa = PBXBuildFile; fileRef = 2BC58A3424EFDB3800EB3DB2 /* CircularProgressBar.swift */; };
		2BC58A4224EFDB3900EB3DB2 /* DialogTableViewCell.swift in Sources */ = {isa = PBXBuildFile; fileRef = 2BC58A3524EFDB3800EB3DB2 /* DialogTableViewCell.swift */; };
		2BC58A4324EFDB3900EB3DB2 /* VideoPlayerView.swift in Sources */ = {isa = PBXBuildFile; fileRef = 2BC58A3624EFDB3800EB3DB2 /* VideoPlayerView.swift */; };
		2BC58A4424EFDB3900EB3DB2 /* TypingView.swift in Sources */ = {isa = PBXBuildFile; fileRef = 2BC58A3724EFDB3800EB3DB2 /* TypingView.swift */; };
		2BC58A4524EFDB3900EB3DB2 /* ActionCell.xib in Resources */ = {isa = PBXBuildFile; fileRef = 2BC58A3824EFDB3800EB3DB2 /* ActionCell.xib */; };
		2BC58A4624EFDB3900EB3DB2 /* DarkenedHoleView.swift in Sources */ = {isa = PBXBuildFile; fileRef = 2BC58A3924EFDB3900EB3DB2 /* DarkenedHoleView.swift */; };
		2BC58A4D24EFDBC300EB3DB2 /* UIView+Pins.swift in Sources */ = {isa = PBXBuildFile; fileRef = 2BC58A4824EFDBC200EB3DB2 /* UIView+Pins.swift */; };
		2BC58A4E24EFDBC300EB3DB2 /* ChatResources.swift in Sources */ = {isa = PBXBuildFile; fileRef = 2BC58A4924EFDBC200EB3DB2 /* ChatResources.swift */; };
		2BC58A4F24EFDBC300EB3DB2 /* ChatActionsHandler.swift in Sources */ = {isa = PBXBuildFile; fileRef = 2BC58A4A24EFDBC200EB3DB2 /* ChatActionsHandler.swift */; };
		2BC58A5024EFDBC300EB3DB2 /* KVOView.swift in Sources */ = {isa = PBXBuildFile; fileRef = 2BC58A4B24EFDBC300EB3DB2 /* KVOView.swift */; };
		2BC58A5124EFDBC300EB3DB2 /* ChatContainerView.swift in Sources */ = {isa = PBXBuildFile; fileRef = 2BC58A4C24EFDBC300EB3DB2 /* ChatContainerView.swift */; };
		2BC58A5F24EFDBDE00EB3DB2 /* ToolbarContentView.xib in Resources */ = {isa = PBXBuildFile; fileRef = 2BC58A5424EFDBDD00EB3DB2 /* ToolbarContentView.xib */; };
		2BC58A6024EFDBDE00EB3DB2 /* ToolbarContentView.swift in Sources */ = {isa = PBXBuildFile; fileRef = 2BC58A5524EFDBDD00EB3DB2 /* ToolbarContentView.swift */; };
		2BC58A6124EFDBDE00EB3DB2 /* InputToolbar.swift in Sources */ = {isa = PBXBuildFile; fileRef = 2BC58A5624EFDBDD00EB3DB2 /* InputToolbar.swift */; };
		2BC58A6224EFDBDE00EB3DB2 /* AttachmentUploadBar.xib in Resources */ = {isa = PBXBuildFile; fileRef = 2BC58A5824EFDBDD00EB3DB2 /* AttachmentUploadBar.xib */; };
		2BC58A6324EFDBDE00EB3DB2 /* AttachmentUploadBar.swift in Sources */ = {isa = PBXBuildFile; fileRef = 2BC58A5924EFDBDD00EB3DB2 /* AttachmentUploadBar.swift */; };
		2BC58A6424EFDBDE00EB3DB2 /* PlaceHolderTextView.swift in Sources */ = {isa = PBXBuildFile; fileRef = 2BC58A5B24EFDBDD00EB3DB2 /* PlaceHolderTextView.swift */; };
		2BC58A6524EFDBDE00EB3DB2 /* HeaderCollectionReusableView.xib in Resources */ = {isa = PBXBuildFile; fileRef = 2BC58A5D24EFDBDE00EB3DB2 /* HeaderCollectionReusableView.xib */; };
		2BC58A6624EFDBDE00EB3DB2 /* HeaderCollectionReusableView.swift in Sources */ = {isa = PBXBuildFile; fileRef = 2BC58A5E24EFDBDE00EB3DB2 /* HeaderCollectionReusableView.swift */; };
		2BC58A8524EFDBEB00EB3DB2 /* ChatIncomingCell.xib in Resources */ = {isa = PBXBuildFile; fileRef = 2BC58A6A24EFDBEB00EB3DB2 /* ChatIncomingCell.xib */; };
		2BC58A8624EFDBEB00EB3DB2 /* ChatIncomingCell.swift in Sources */ = {isa = PBXBuildFile; fileRef = 2BC58A6B24EFDBEB00EB3DB2 /* ChatIncomingCell.swift */; };
		2BC58A8724EFDBEB00EB3DB2 /* ChatAttachmentOutgoingCell.xib in Resources */ = {isa = PBXBuildFile; fileRef = 2BC58A6D24EFDBEB00EB3DB2 /* ChatAttachmentOutgoingCell.xib */; };
		2BC58A8824EFDBEB00EB3DB2 /* ChatAttachmentOutgoingCell.swift in Sources */ = {isa = PBXBuildFile; fileRef = 2BC58A6E24EFDBEB00EB3DB2 /* ChatAttachmentOutgoingCell.swift */; };
		2BC58A8924EFDBEB00EB3DB2 /* ChatCell.swift in Sources */ = {isa = PBXBuildFile; fileRef = 2BC58A7024EFDBEB00EB3DB2 /* ChatCell.swift */; };
		2BC58A8A24EFDBEB00EB3DB2 /* ChatNotificationCell.swift in Sources */ = {isa = PBXBuildFile; fileRef = 2BC58A7224EFDBEB00EB3DB2 /* ChatNotificationCell.swift */; };
		2BC58A8B24EFDBEB00EB3DB2 /* ChatNotificationCell.xib in Resources */ = {isa = PBXBuildFile; fileRef = 2BC58A7324EFDBEB00EB3DB2 /* ChatNotificationCell.xib */; };
		2BC58A8C24EFDBEB00EB3DB2 /* ChatDateCell.xib in Resources */ = {isa = PBXBuildFile; fileRef = 2BC58A7524EFDBEB00EB3DB2 /* ChatDateCell.xib */; };
		2BC58A8D24EFDBEB00EB3DB2 /* ChatDateCell.swift in Sources */ = {isa = PBXBuildFile; fileRef = 2BC58A7624EFDBEB00EB3DB2 /* ChatDateCell.swift */; };
		2BC58A8E24EFDBEB00EB3DB2 /* ChatAttachmentCell.swift in Sources */ = {isa = PBXBuildFile; fileRef = 2BC58A7824EFDBEB00EB3DB2 /* ChatAttachmentCell.swift */; };
		2BC58A8F24EFDBEB00EB3DB2 /* ChatOutgoingCell.xib in Resources */ = {isa = PBXBuildFile; fileRef = 2BC58A7A24EFDBEB00EB3DB2 /* ChatOutgoingCell.xib */; };
		2BC58A9024EFDBEB00EB3DB2 /* ChatOutgoingCell.swift in Sources */ = {isa = PBXBuildFile; fileRef = 2BC58A7B24EFDBEB00EB3DB2 /* ChatOutgoingCell.swift */; };
		2BC58A9124EFDBEB00EB3DB2 /* ChatAttachmentIncomingCell.xib in Resources */ = {isa = PBXBuildFile; fileRef = 2BC58A7D24EFDBEB00EB3DB2 /* ChatAttachmentIncomingCell.xib */; };
		2BC58A9224EFDBEB00EB3DB2 /* ChatAttachmentIncomingCell.swift in Sources */ = {isa = PBXBuildFile; fileRef = 2BC58A7E24EFDBEB00EB3DB2 /* ChatAttachmentIncomingCell.swift */; };
		2BC58A9324EFDBEB00EB3DB2 /* ChatCollectionView.swift in Sources */ = {isa = PBXBuildFile; fileRef = 2BC58A7F24EFDBEB00EB3DB2 /* ChatCollectionView.swift */; };
		2BC58A9424EFDBEB00EB3DB2 /* ChatCellLayoutAttributes.swift in Sources */ = {isa = PBXBuildFile; fileRef = 2BC58A8024EFDBEB00EB3DB2 /* ChatCellLayoutAttributes.swift */; };
		2BC58A9524EFDBEB00EB3DB2 /* CollectionViewFlowLayoutInvalidationContext.swift in Sources */ = {isa = PBXBuildFile; fileRef = 2BC58A8124EFDBEB00EB3DB2 /* CollectionViewFlowLayoutInvalidationContext.swift */; };
		2BC58A9624EFDBEB00EB3DB2 /* ChatCollectionViewDelegateFlowLayout.swift in Sources */ = {isa = PBXBuildFile; fileRef = 2BC58A8224EFDBEB00EB3DB2 /* ChatCollectionViewDelegateFlowLayout.swift */; };
		2BC58A9724EFDBEB00EB3DB2 /* ChatCollectionViewDataSource.swift in Sources */ = {isa = PBXBuildFile; fileRef = 2BC58A8324EFDBEB00EB3DB2 /* ChatCollectionViewDataSource.swift */; };
		2BC58A9824EFDBEB00EB3DB2 /* ChatCollectionViewFlowLayout.swift in Sources */ = {isa = PBXBuildFile; fileRef = 2BC58A8424EFDBEB00EB3DB2 /* ChatCollectionViewFlowLayout.swift */; };
		2BE1896024C8AF8800CFFA7A /* MyProfileViewController.swift in Sources */ = {isa = PBXBuildFile; fileRef = 2BE1895F24C8AF8800CFFA7A /* MyProfileViewController.swift */; };
		2BE1896424C8B1BD00CFFA7A /* MyProfileGalleryCollectionViewCell.swift in Sources */ = {isa = PBXBuildFile; fileRef = 2BE1896224C8B1BD00CFFA7A /* MyProfileGalleryCollectionViewCell.swift */; };
		2BE1896524C8B1BD00CFFA7A /* MyProfileGalleryCollectionViewCell.xib in Resources */ = {isa = PBXBuildFile; fileRef = 2BE1896324C8B1BD00CFFA7A /* MyProfileGalleryCollectionViewCell.xib */; };
		2BE1896724C8B32700CFFA7A /* UserPhotoObject.swift in Sources */ = {isa = PBXBuildFile; fileRef = 2BE1896624C8B32700CFFA7A /* UserPhotoObject.swift */; };
		2BE1896924C8C7AC00CFFA7A /* PlayerView.swift in Sources */ = {isa = PBXBuildFile; fileRef = 2BE1896824C8C7AC00CFFA7A /* PlayerView.swift */; };
		35CA011340B7D950655B14C9 /* Pods_xDating.framework in Frameworks */ = {isa = PBXBuildFile; fileRef = E70DFBCD6D8972180E9707D7 /* Pods_xDating.framework */; };
/* End PBXBuildFile section */

/* Begin PBXFileReference section */
		2B23E8C224EBF96100EC89AB /* WhoViewedYourProfileViewController.swift */ = {isa = PBXFileReference; lastKnownFileType = sourcecode.swift; path = WhoViewedYourProfileViewController.swift; sourceTree = "<group>"; };
		2B2FD80524C8D99E0042BF6D /* LoginViewController.swift */ = {isa = PBXFileReference; lastKnownFileType = sourcecode.swift; path = LoginViewController.swift; sourceTree = "<group>"; };
		2B2FD80624C8D99E0042BF6D /* LoginViewController.xib */ = {isa = PBXFileReference; lastKnownFileType = file.xib; path = LoginViewController.xib; sourceTree = "<group>"; };
		2B2FD80924DEABB40042BF6D /* MainScreenCollectionViewCell.swift */ = {isa = PBXFileReference; lastKnownFileType = sourcecode.swift; path = MainScreenCollectionViewCell.swift; sourceTree = "<group>"; };
		2B2FD80A24DEABB40042BF6D /* MainScreenCollectionViewCell.xib */ = {isa = PBXFileReference; lastKnownFileType = file.xib; path = MainScreenCollectionViewCell.xib; sourceTree = "<group>"; };
		2B3A35D424DF1A630014FF4B /* TimeAgo.swift */ = {isa = PBXFileReference; lastKnownFileType = sourcecode.swift; path = TimeAgo.swift; sourceTree = "<group>"; };
		2B3A35D724E042150014FF4B /* UserProfileViewController.swift */ = {isa = PBXFileReference; lastKnownFileType = sourcecode.swift; path = UserProfileViewController.swift; sourceTree = "<group>"; };
		2B3A35D824E042150014FF4B /* UserProfileViewController.xib */ = {isa = PBXFileReference; lastKnownFileType = file.xib; path = UserProfileViewController.xib; sourceTree = "<group>"; };
		2B76135A24E96A5400063465 /* FeedCellNode.swift */ = {isa = PBXFileReference; lastKnownFileType = sourcecode.swift; path = FeedCellNode.swift; sourceTree = "<group>"; };
		2B76135E24EA688400063465 /* ImageCellNode.swift */ = {isa = PBXFileReference; fileEncoding = 4; lastKnownFileType = sourcecode.swift; path = ImageCellNode.swift; sourceTree = "<group>"; };
		2B76136024EAF75F00063465 /* ImageScrollView.swift */ = {isa = PBXFileReference; fileEncoding = 4; lastKnownFileType = sourcecode.swift; path = ImageScrollView.swift; sourceTree = "<group>"; };
		2B76136224EAF78900063465 /* ImageViewerViewController.swift */ = {isa = PBXFileReference; lastKnownFileType = sourcecode.swift; path = ImageViewerViewController.swift; sourceTree = "<group>"; };
		2B76136324EAF78900063465 /* ImageViewerViewController.xib */ = {isa = PBXFileReference; lastKnownFileType = file.xib; path = ImageViewerViewController.xib; sourceTree = "<group>"; };
		2B83415724F04EB700B74673 /* EnterChatNameVC.swift */ = {isa = PBXFileReference; fileEncoding = 4; lastKnownFileType = sourcecode.swift; path = EnterChatNameVC.swift; sourceTree = "<group>"; };
		2B83415824F04EB700B74673 /* UserTableViewCell.swift */ = {isa = PBXFileReference; fileEncoding = 4; lastKnownFileType = sourcecode.swift; path = UserTableViewCell.swift; sourceTree = "<group>"; };
		2B83415924F04EB700B74673 /* UserTableViewCell.xib */ = {isa = PBXFileReference; fileEncoding = 4; lastKnownFileType = file.xib; path = UserTableViewCell.xib; sourceTree = "<group>"; };
		2B83415A24F04EB700B74673 /* NewCreateNewDialogVC.swift */ = {isa = PBXFileReference; fileEncoding = 4; lastKnownFileType = sourcecode.swift; path = NewCreateNewDialogVC.swift; sourceTree = "<group>"; };
		2B83416024F04F5A00B74673 /* UsersInfoTableViewController.swift */ = {isa = PBXFileReference; fileEncoding = 4; lastKnownFileType = sourcecode.swift; path = UsersInfoTableViewController.swift; sourceTree = "<group>"; };
		2B83416224F0542000B74673 /* DialogsNewViewController.swift */ = {isa = PBXFileReference; lastKnownFileType = sourcecode.swift; path = DialogsNewViewController.swift; sourceTree = "<group>"; };
		2B83416424F1400300B74673 /* DialogCellNew.swift */ = {isa = PBXFileReference; lastKnownFileType = sourcecode.swift; path = DialogCellNew.swift; sourceTree = "<group>"; };
		2B83416524F1400300B74673 /* DialogCellNew.xib */ = {isa = PBXFileReference; lastKnownFileType = file.xib; path = DialogCellNew.xib; sourceTree = "<group>"; };
		2B83417124F2FF6800B74673 /* ProfileView.swift */ = {isa = PBXFileReference; lastKnownFileType = sourcecode.swift; path = ProfileView.swift; sourceTree = "<group>"; };
		2B83419E24F9853500B74673 /* ChatNewViewController.swift */ = {isa = PBXFileReference; fileEncoding = 4; lastKnownFileType = sourcecode.swift; path = ChatNewViewController.swift; sourceTree = "<group>"; };
		2B83419F24F9853500B74673 /* ChatNewViewController.xib */ = {isa = PBXFileReference; fileEncoding = 4; lastKnownFileType = file.xib; path = ChatNewViewController.xib; sourceTree = "<group>"; };
		2B8341A024F9853500B74673 /* Chat.storyboard */ = {isa = PBXFileReference; fileEncoding = 4; lastKnownFileType = file.storyboard; path = Chat.storyboard; sourceTree = "<group>"; };
		2B8341A124F9853600B74673 /* ChatViewController.swift */ = {isa = PBXFileReference; fileEncoding = 4; lastKnownFileType = sourcecode.swift; path = ChatViewController.swift; sourceTree = "<group>"; };
		2B8341A724F9855200B74673 /* ChatDataSource.swift */ = {isa = PBXFileReference; fileEncoding = 4; lastKnownFileType = sourcecode.swift; path = ChatDataSource.swift; sourceTree = "<group>"; };
		2B8341AA24F9856400B74673 /* ParentVideoVC.swift */ = {isa = PBXFileReference; fileEncoding = 4; lastKnownFileType = sourcecode.swift; path = ParentVideoVC.swift; sourceTree = "<group>"; };
		2B8341AB24F9856400B74673 /* ZoomedAttachmentViewController.swift */ = {isa = PBXFileReference; fileEncoding = 4; lastKnownFileType = sourcecode.swift; path = ZoomedAttachmentViewController.swift; sourceTree = "<group>"; };
		2B8341AC24F9856400B74673 /* PDFViewController.swift */ = {isa = PBXFileReference; fileEncoding = 4; lastKnownFileType = sourcecode.swift; path = PDFViewController.swift; sourceTree = "<group>"; };
		2B8341B124F9857900B74673 /* ChatActionCell.swift */ = {isa = PBXFileReference; fileEncoding = 4; lastKnownFileType = sourcecode.swift; path = ChatActionCell.swift; sourceTree = "<group>"; };
		2B8341B224F9857900B74673 /* ChatPopVC.swift */ = {isa = PBXFileReference; fileEncoding = 4; lastKnownFileType = sourcecode.swift; path = ChatPopVC.swift; sourceTree = "<group>"; };
		2B8341B624F9858D00B74673 /* SelectAssetsVC.swift */ = {isa = PBXFileReference; fileEncoding = 4; lastKnownFileType = sourcecode.swift; path = SelectAssetsVC.swift; sourceTree = "<group>"; };
		2B8341B724F9858D00B74673 /* SelectAssetCell.swift */ = {isa = PBXFileReference; fileEncoding = 4; lastKnownFileType = sourcecode.swift; path = SelectAssetCell.swift; sourceTree = "<group>"; };
		2B8341BB24FA8DDD00B74673 /* EditProfileViewController.swift */ = {isa = PBXFileReference; lastKnownFileType = sourcecode.swift; path = EditProfileViewController.swift; sourceTree = "<group>"; };
		2B8341BC24FA8DDD00B74673 /* EditProfileViewController.xib */ = {isa = PBXFileReference; lastKnownFileType = file.xib; path = EditProfileViewController.xib; sourceTree = "<group>"; };
		2B8341D024FBA86500B74673 /* SettingsViewController.swift */ = {isa = PBXFileReference; lastKnownFileType = sourcecode.swift; path = SettingsViewController.swift; sourceTree = "<group>"; };
		2B8341D124FBA86500B74673 /* SettingsViewController.xib */ = {isa = PBXFileReference; lastKnownFileType = file.xib; path = SettingsViewController.xib; sourceTree = "<group>"; };
		2B8341D424FBAB4B00B74673 /* SettingsTableViewCell.swift */ = {isa = PBXFileReference; lastKnownFileType = sourcecode.swift; path = SettingsTableViewCell.swift; sourceTree = "<group>"; };
		2B8341D524FBAB4B00B74673 /* SettingsTableViewCell.xib */ = {isa = PBXFileReference; lastKnownFileType = file.xib; path = SettingsTableViewCell.xib; sourceTree = "<group>"; };
		2B8341D824FBDDCE00B74673 /* countries.json */ = {isa = PBXFileReference; fileEncoding = 4; lastKnownFileType = text.json; path = countries.json; sourceTree = "<group>"; };
		2B9E97E924C6FBDA00ED7A68 /* XD.app */ = {isa = PBXFileReference; explicitFileType = wrapper.application; includeInIndex = 0; path = XD.app; sourceTree = BUILT_PRODUCTS_DIR; };
		2B9E97EC24C6FBDA00ED7A68 /* AppDelegate.swift */ = {isa = PBXFileReference; lastKnownFileType = sourcecode.swift; path = AppDelegate.swift; sourceTree = "<group>"; };
		2B9E97F024C6FBDA00ED7A68 /* ViewController.swift */ = {isa = PBXFileReference; lastKnownFileType = sourcecode.swift; path = ViewController.swift; sourceTree = "<group>"; };
		2B9E97F324C6FBDA00ED7A68 /* Base */ = {isa = PBXFileReference; lastKnownFileType = file.storyboard; name = Base; path = Base.lproj/Main.storyboard; sourceTree = "<group>"; };
		2B9E97F524C6FBDA00ED7A68 /* Assets.xcassets */ = {isa = PBXFileReference; lastKnownFileType = folder.assetcatalog; path = Assets.xcassets; sourceTree = "<group>"; };
		2B9E97F824C6FBDA00ED7A68 /* Base */ = {isa = PBXFileReference; lastKnownFileType = file.storyboard; name = Base; path = Base.lproj/LaunchScreen.storyboard; sourceTree = "<group>"; };
		2B9E97FA24C6FBDA00ED7A68 /* Info.plist */ = {isa = PBXFileReference; lastKnownFileType = text.plist.xml; path = Info.plist; sourceTree = "<group>"; };
		2B9E980124C6FC4C00ED7A68 /* SKActivityIndicatorView.swift */ = {isa = PBXFileReference; fileEncoding = 4; lastKnownFileType = sourcecode.swift; path = SKActivityIndicatorView.swift; sourceTree = "<group>"; };
		2B9E980224C6FC4C00ED7A68 /* SKActivityIndicatorViewStyle.swift */ = {isa = PBXFileReference; fileEncoding = 4; lastKnownFileType = sourcecode.swift; path = SKActivityIndicatorViewStyle.swift; sourceTree = "<group>"; };
		2B9E980624C6FC6300ED7A68 /* SignUpViewController.swift */ = {isa = PBXFileReference; fileEncoding = 4; lastKnownFileType = sourcecode.swift; path = SignUpViewController.swift; sourceTree = "<group>"; };
		2B9E980724C6FC6300ED7A68 /* SignUpViewController.xib */ = {isa = PBXFileReference; fileEncoding = 4; lastKnownFileType = file.xib; path = SignUpViewController.xib; sourceTree = "<group>"; };
		2B9E980B24C6FC7200ED7A68 /* ParseUtilities.swift */ = {isa = PBXFileReference; fileEncoding = 4; lastKnownFileType = sourcecode.swift; path = ParseUtilities.swift; sourceTree = "<group>"; };
		2B9E980C24C6FC7200ED7A68 /* Utilities.swift */ = {isa = PBXFileReference; fileEncoding = 4; lastKnownFileType = sourcecode.swift; path = Utilities.swift; sourceTree = "<group>"; };
		2B9E980D24C6FC7200ED7A68 /* Extensions.swift */ = {isa = PBXFileReference; fileEncoding = 4; lastKnownFileType = sourcecode.swift; path = Extensions.swift; sourceTree = "<group>"; };
		2B9E981B24C70D4A00ED7A68 /* MainAppViewController.swift */ = {isa = PBXFileReference; lastKnownFileType = sourcecode.swift; path = MainAppViewController.swift; sourceTree = "<group>"; };
		2B9E982824C7614100ED7A68 /* SignUpSecondViewController.swift */ = {isa = PBXFileReference; lastKnownFileType = sourcecode.swift; path = SignUpSecondViewController.swift; sourceTree = "<group>"; };
		2B9E982924C7614100ED7A68 /* SignUpSecondViewController.xib */ = {isa = PBXFileReference; lastKnownFileType = file.xib; path = SignUpSecondViewController.xib; sourceTree = "<group>"; };
		2BC589CE24ECFCD300EB3DB2 /* SearchViewController.swift */ = {isa = PBXFileReference; lastKnownFileType = sourcecode.swift; path = SearchViewController.swift; sourceTree = "<group>"; };
		2BC589D124EE9D7E00EB3DB2 /* NotLoggedInView.swift */ = {isa = PBXFileReference; lastKnownFileType = sourcecode.swift; path = NotLoggedInView.swift; sourceTree = "<group>"; };
		2BC589D324EE9DBC00EB3DB2 /* NotLoggedInView.xib */ = {isa = PBXFileReference; lastKnownFileType = file.xib; path = NotLoggedInView.xib; sourceTree = "<group>"; };
		2BC589D724EFA54F00EB3DB2 /* QuickbloxUtilities.swift */ = {isa = PBXFileReference; lastKnownFileType = sourcecode.swift; path = QuickbloxUtilities.swift; sourceTree = "<group>"; };
		2BC589E724EFD6EF00EB3DB2 /* DialogsViewController.swift */ = {isa = PBXFileReference; fileEncoding = 4; lastKnownFileType = sourcecode.swift; path = DialogsViewController.swift; sourceTree = "<group>"; };
		2BC589E824EFD6EF00EB3DB2 /* DialogsSelectionVC.swift */ = {isa = PBXFileReference; fileEncoding = 4; lastKnownFileType = sourcecode.swift; path = DialogsSelectionVC.swift; sourceTree = "<group>"; };
		2BC589E924EFD6EF00EB3DB2 /* DialogCell.swift */ = {isa = PBXFileReference; fileEncoding = 4; lastKnownFileType = sourcecode.swift; path = DialogCell.swift; sourceTree = "<group>"; };
		2BC589EA24EFD6EF00EB3DB2 /* Dialogs.storyboard */ = {isa = PBXFileReference; fileEncoding = 4; lastKnownFileType = file.storyboard; path = Dialogs.storyboard; sourceTree = "<group>"; };
		2BC589F224EFD75F00EB3DB2 /* ChatManager.swift */ = {isa = PBXFileReference; fileEncoding = 4; lastKnownFileType = sourcecode.swift; path = ChatManager.swift; sourceTree = "<group>"; };
		2BC589F324EFD76000EB3DB2 /* ChatStorage.swift */ = {isa = PBXFileReference; fileEncoding = 4; lastKnownFileType = sourcecode.swift; path = ChatStorage.swift; sourceTree = "<group>"; };
		2BC589F624EFD76A00EB3DB2 /* AttachmentDownloadManager.swift */ = {isa = PBXFileReference; fileEncoding = 4; lastKnownFileType = sourcecode.swift; path = AttachmentDownloadManager.swift; sourceTree = "<group>"; };
		2BC589F724EFD76B00EB3DB2 /* AttachmentDownloadOperation.swift */ = {isa = PBXFileReference; fileEncoding = 4; lastKnownFileType = sourcecode.swift; path = AttachmentDownloadOperation.swift; sourceTree = "<group>"; };
		2BC589F824EFD76B00EB3DB2 /* CacheManager.swift */ = {isa = PBXFileReference; fileEncoding = 4; lastKnownFileType = sourcecode.swift; path = CacheManager.swift; sourceTree = "<group>"; };
		2BC589FC24EFD77200EB3DB2 /* AsyncOperation.swift */ = {isa = PBXFileReference; fileEncoding = 4; lastKnownFileType = sourcecode.swift; path = AsyncOperation.swift; sourceTree = "<group>"; };
		2BC58A0024EFD7FD00EB3DB2 /* UIColor+Extention.swift */ = {isa = PBXFileReference; fileEncoding = 4; lastKnownFileType = sourcecode.swift; path = "UIColor+Extention.swift"; sourceTree = "<group>"; };
		2BC58A0124EFD7FD00EB3DB2 /* Date+Extention.swift */ = {isa = PBXFileReference; fileEncoding = 4; lastKnownFileType = sourcecode.swift; path = "Date+Extention.swift"; sourceTree = "<group>"; };
		2BC58A0224EFD7FD00EB3DB2 /* UIButton+Extention.swift */ = {isa = PBXFileReference; fileEncoding = 4; lastKnownFileType = sourcecode.swift; path = "UIButton+Extention.swift"; sourceTree = "<group>"; };
		2BC58A0324EFD7FE00EB3DB2 /* UILabel+Extention.swift */ = {isa = PBXFileReference; fileEncoding = 4; lastKnownFileType = sourcecode.swift; path = "UILabel+Extention.swift"; sourceTree = "<group>"; };
		2BC58A0424EFD7FE00EB3DB2 /* UISearchBar+Extention.swift */ = {isa = PBXFileReference; fileEncoding = 4; lastKnownFileType = sourcecode.swift; path = "UISearchBar+Extention.swift"; sourceTree = "<group>"; };
		2BC58A0524EFD7FE00EB3DB2 /* UIImage+Extention.swift */ = {isa = PBXFileReference; fileEncoding = 4; lastKnownFileType = sourcecode.swift; path = "UIImage+Extention.swift"; sourceTree = "<group>"; };
		2BC58A0624EFD7FE00EB3DB2 /* UITextField+Extention.swift */ = {isa = PBXFileReference; fileEncoding = 4; lastKnownFileType = sourcecode.swift; path = "UITextField+Extention.swift"; sourceTree = "<group>"; };
		2BC58A0724EFD7FE00EB3DB2 /* PHAsset+Extention.swift */ = {isa = PBXFileReference; fileEncoding = 4; lastKnownFileType = sourcecode.swift; path = "PHAsset+Extention.swift"; sourceTree = "<group>"; };
		2BC58A0824EFD7FE00EB3DB2 /* UIViewController+Extention.swift */ = {isa = PBXFileReference; fileEncoding = 4; lastKnownFileType = sourcecode.swift; path = "UIViewController+Extention.swift"; sourceTree = "<group>"; };
		2BC58A0924EFD7FE00EB3DB2 /* Double+Extention.swift */ = {isa = PBXFileReference; fileEncoding = 4; lastKnownFileType = sourcecode.swift; path = "Double+Extention.swift"; sourceTree = "<group>"; };
		2BC58A0A24EFD7FE00EB3DB2 /* ImageView+Extention.swift */ = {isa = PBXFileReference; fileEncoding = 4; lastKnownFileType = sourcecode.swift; path = "ImageView+Extention.swift"; sourceTree = "<group>"; };
		2BC58A0B24EFD7FE00EB3DB2 /* String+Extention.swift */ = {isa = PBXFileReference; fileEncoding = 4; lastKnownFileType = sourcecode.swift; path = "String+Extention.swift"; sourceTree = "<group>"; };
		2BC58A0C24EFD7FE00EB3DB2 /* CALayer+Blur.swift */ = {isa = PBXFileReference; fileEncoding = 4; lastKnownFileType = sourcecode.swift; path = "CALayer+Blur.swift"; sourceTree = "<group>"; };
		2BC58A0D24EFD7FF00EB3DB2 /* UIView+Extention.swift */ = {isa = PBXFileReference; fileEncoding = 4; lastKnownFileType = sourcecode.swift; path = "UIView+Extention.swift"; sourceTree = "<group>"; };
		2BC58A0E24EFD7FF00EB3DB2 /* URL+Extention.swift */ = {isa = PBXFileReference; fileEncoding = 4; lastKnownFileType = sourcecode.swift; path = "URL+Extention.swift"; sourceTree = "<group>"; };
		2BC58A0F24EFD7FF00EB3DB2 /* UITableView+EmptyAlert.swift */ = {isa = PBXFileReference; fileEncoding = 4; lastKnownFileType = sourcecode.swift; path = "UITableView+EmptyAlert.swift"; sourceTree = "<group>"; };
		2BC58A2124EFD92000EB3DB2 /* Reachability.swift */ = {isa = PBXFileReference; fileEncoding = 4; lastKnownFileType = sourcecode.swift; path = Reachability.swift; sourceTree = "<group>"; };
		2BC58A2924EFDAC900EB3DB2 /* Profile.swift */ = {isa = PBXFileReference; fileEncoding = 4; lastKnownFileType = sourcecode.swift; path = Profile.swift; sourceTree = "<group>"; };
		2BC58A2D24EFDB3800EB3DB2 /* DarkenedHoleView.xib */ = {isa = PBXFileReference; fileEncoding = 4; lastKnownFileType = file.xib; path = DarkenedHoleView.xib; sourceTree = "<group>"; };
		2BC58A2E24EFDB3800EB3DB2 /* CornerView.swift */ = {isa = PBXFileReference; fileEncoding = 4; lastKnownFileType = sourcecode.swift; path = CornerView.swift; sourceTree = "<group>"; };
		2BC58A2F24EFDB3800EB3DB2 /* TitleView.swift */ = {isa = PBXFileReference; fileEncoding = 4; lastKnownFileType = sourcecode.swift; path = TitleView.swift; sourceTree = "<group>"; };
		2BC58A3024EFDB3800EB3DB2 /* ChatPrivateTitleView.swift */ = {isa = PBXFileReference; fileEncoding = 4; lastKnownFileType = sourcecode.swift; path = ChatPrivateTitleView.swift; sourceTree = "<group>"; };
		2BC58A3124EFDB3800EB3DB2 /* ActionCell.swift */ = {isa = PBXFileReference; fileEncoding = 4; lastKnownFileType = sourcecode.swift; path = ActionCell.swift; sourceTree = "<group>"; };
		2BC58A3224EFDB3800EB3DB2 /* CoverTableView.xib */ = {isa = PBXFileReference; fileEncoding = 4; lastKnownFileType = file.xib; path = CoverTableView.xib; sourceTree = "<group>"; };
		2BC58A3324EFDB3800EB3DB2 /* CoverTableView.swift */ = {isa = PBXFileReference; fileEncoding = 4; lastKnownFileType = sourcecode.swift; path = CoverTableView.swift; sourceTree = "<group>"; };
		2BC58A3424EFDB3800EB3DB2 /* CircularProgressBar.swift */ = {isa = PBXFileReference; fileEncoding = 4; lastKnownFileType = sourcecode.swift; path = CircularProgressBar.swift; sourceTree = "<group>"; };
		2BC58A3524EFDB3800EB3DB2 /* DialogTableViewCell.swift */ = {isa = PBXFileReference; fileEncoding = 4; lastKnownFileType = sourcecode.swift; path = DialogTableViewCell.swift; sourceTree = "<group>"; };
		2BC58A3624EFDB3800EB3DB2 /* VideoPlayerView.swift */ = {isa = PBXFileReference; fileEncoding = 4; lastKnownFileType = sourcecode.swift; path = VideoPlayerView.swift; sourceTree = "<group>"; };
		2BC58A3724EFDB3800EB3DB2 /* TypingView.swift */ = {isa = PBXFileReference; fileEncoding = 4; lastKnownFileType = sourcecode.swift; path = TypingView.swift; sourceTree = "<group>"; };
		2BC58A3824EFDB3800EB3DB2 /* ActionCell.xib */ = {isa = PBXFileReference; fileEncoding = 4; lastKnownFileType = file.xib; path = ActionCell.xib; sourceTree = "<group>"; };
		2BC58A3924EFDB3900EB3DB2 /* DarkenedHoleView.swift */ = {isa = PBXFileReference; fileEncoding = 4; lastKnownFileType = sourcecode.swift; path = DarkenedHoleView.swift; sourceTree = "<group>"; };
		2BC58A4824EFDBC200EB3DB2 /* UIView+Pins.swift */ = {isa = PBXFileReference; fileEncoding = 4; lastKnownFileType = sourcecode.swift; path = "UIView+Pins.swift"; sourceTree = "<group>"; };
		2BC58A4924EFDBC200EB3DB2 /* ChatResources.swift */ = {isa = PBXFileReference; fileEncoding = 4; lastKnownFileType = sourcecode.swift; path = ChatResources.swift; sourceTree = "<group>"; };
		2BC58A4A24EFDBC200EB3DB2 /* ChatActionsHandler.swift */ = {isa = PBXFileReference; fileEncoding = 4; lastKnownFileType = sourcecode.swift; path = ChatActionsHandler.swift; sourceTree = "<group>"; };
		2BC58A4B24EFDBC300EB3DB2 /* KVOView.swift */ = {isa = PBXFileReference; fileEncoding = 4; lastKnownFileType = sourcecode.swift; path = KVOView.swift; sourceTree = "<group>"; };
		2BC58A4C24EFDBC300EB3DB2 /* ChatContainerView.swift */ = {isa = PBXFileReference; fileEncoding = 4; lastKnownFileType = sourcecode.swift; path = ChatContainerView.swift; sourceTree = "<group>"; };
		2BC58A5424EFDBDD00EB3DB2 /* ToolbarContentView.xib */ = {isa = PBXFileReference; fileEncoding = 4; lastKnownFileType = file.xib; path = ToolbarContentView.xib; sourceTree = "<group>"; };
		2BC58A5524EFDBDD00EB3DB2 /* ToolbarContentView.swift */ = {isa = PBXFileReference; fileEncoding = 4; lastKnownFileType = sourcecode.swift; path = ToolbarContentView.swift; sourceTree = "<group>"; };
		2BC58A5624EFDBDD00EB3DB2 /* InputToolbar.swift */ = {isa = PBXFileReference; fileEncoding = 4; lastKnownFileType = sourcecode.swift; path = InputToolbar.swift; sourceTree = "<group>"; };
		2BC58A5824EFDBDD00EB3DB2 /* AttachmentUploadBar.xib */ = {isa = PBXFileReference; fileEncoding = 4; lastKnownFileType = file.xib; path = AttachmentUploadBar.xib; sourceTree = "<group>"; };
		2BC58A5924EFDBDD00EB3DB2 /* AttachmentUploadBar.swift */ = {isa = PBXFileReference; fileEncoding = 4; lastKnownFileType = sourcecode.swift; path = AttachmentUploadBar.swift; sourceTree = "<group>"; };
		2BC58A5B24EFDBDD00EB3DB2 /* PlaceHolderTextView.swift */ = {isa = PBXFileReference; fileEncoding = 4; lastKnownFileType = sourcecode.swift; path = PlaceHolderTextView.swift; sourceTree = "<group>"; };
		2BC58A5D24EFDBDE00EB3DB2 /* HeaderCollectionReusableView.xib */ = {isa = PBXFileReference; fileEncoding = 4; lastKnownFileType = file.xib; path = HeaderCollectionReusableView.xib; sourceTree = "<group>"; };
		2BC58A5E24EFDBDE00EB3DB2 /* HeaderCollectionReusableView.swift */ = {isa = PBXFileReference; fileEncoding = 4; lastKnownFileType = sourcecode.swift; path = HeaderCollectionReusableView.swift; sourceTree = "<group>"; };
		2BC58A6A24EFDBEB00EB3DB2 /* ChatIncomingCell.xib */ = {isa = PBXFileReference; fileEncoding = 4; lastKnownFileType = file.xib; path = ChatIncomingCell.xib; sourceTree = "<group>"; };
		2BC58A6B24EFDBEB00EB3DB2 /* ChatIncomingCell.swift */ = {isa = PBXFileReference; fileEncoding = 4; lastKnownFileType = sourcecode.swift; path = ChatIncomingCell.swift; sourceTree = "<group>"; };
		2BC58A6D24EFDBEB00EB3DB2 /* ChatAttachmentOutgoingCell.xib */ = {isa = PBXFileReference; fileEncoding = 4; lastKnownFileType = file.xib; path = ChatAttachmentOutgoingCell.xib; sourceTree = "<group>"; };
		2BC58A6E24EFDBEB00EB3DB2 /* ChatAttachmentOutgoingCell.swift */ = {isa = PBXFileReference; fileEncoding = 4; lastKnownFileType = sourcecode.swift; path = ChatAttachmentOutgoingCell.swift; sourceTree = "<group>"; };
		2BC58A7024EFDBEB00EB3DB2 /* ChatCell.swift */ = {isa = PBXFileReference; fileEncoding = 4; lastKnownFileType = sourcecode.swift; path = ChatCell.swift; sourceTree = "<group>"; };
		2BC58A7224EFDBEB00EB3DB2 /* ChatNotificationCell.swift */ = {isa = PBXFileReference; fileEncoding = 4; lastKnownFileType = sourcecode.swift; path = ChatNotificationCell.swift; sourceTree = "<group>"; };
		2BC58A7324EFDBEB00EB3DB2 /* ChatNotificationCell.xib */ = {isa = PBXFileReference; fileEncoding = 4; lastKnownFileType = file.xib; path = ChatNotificationCell.xib; sourceTree = "<group>"; };
		2BC58A7524EFDBEB00EB3DB2 /* ChatDateCell.xib */ = {isa = PBXFileReference; fileEncoding = 4; lastKnownFileType = file.xib; path = ChatDateCell.xib; sourceTree = "<group>"; };
		2BC58A7624EFDBEB00EB3DB2 /* ChatDateCell.swift */ = {isa = PBXFileReference; fileEncoding = 4; lastKnownFileType = sourcecode.swift; path = ChatDateCell.swift; sourceTree = "<group>"; };
		2BC58A7824EFDBEB00EB3DB2 /* ChatAttachmentCell.swift */ = {isa = PBXFileReference; fileEncoding = 4; lastKnownFileType = sourcecode.swift; path = ChatAttachmentCell.swift; sourceTree = "<group>"; };
		2BC58A7A24EFDBEB00EB3DB2 /* ChatOutgoingCell.xib */ = {isa = PBXFileReference; fileEncoding = 4; lastKnownFileType = file.xib; path = ChatOutgoingCell.xib; sourceTree = "<group>"; };
		2BC58A7B24EFDBEB00EB3DB2 /* ChatOutgoingCell.swift */ = {isa = PBXFileReference; fileEncoding = 4; lastKnownFileType = sourcecode.swift; path = ChatOutgoingCell.swift; sourceTree = "<group>"; };
		2BC58A7D24EFDBEB00EB3DB2 /* ChatAttachmentIncomingCell.xib */ = {isa = PBXFileReference; fileEncoding = 4; lastKnownFileType = file.xib; path = ChatAttachmentIncomingCell.xib; sourceTree = "<group>"; };
		2BC58A7E24EFDBEB00EB3DB2 /* ChatAttachmentIncomingCell.swift */ = {isa = PBXFileReference; fileEncoding = 4; lastKnownFileType = sourcecode.swift; path = ChatAttachmentIncomingCell.swift; sourceTree = "<group>"; };
		2BC58A7F24EFDBEB00EB3DB2 /* ChatCollectionView.swift */ = {isa = PBXFileReference; fileEncoding = 4; lastKnownFileType = sourcecode.swift; path = ChatCollectionView.swift; sourceTree = "<group>"; };
		2BC58A8024EFDBEB00EB3DB2 /* ChatCellLayoutAttributes.swift */ = {isa = PBXFileReference; fileEncoding = 4; lastKnownFileType = sourcecode.swift; path = ChatCellLayoutAttributes.swift; sourceTree = "<group>"; };
		2BC58A8124EFDBEB00EB3DB2 /* CollectionViewFlowLayoutInvalidationContext.swift */ = {isa = PBXFileReference; fileEncoding = 4; lastKnownFileType = sourcecode.swift; path = CollectionViewFlowLayoutInvalidationContext.swift; sourceTree = "<group>"; };
		2BC58A8224EFDBEB00EB3DB2 /* ChatCollectionViewDelegateFlowLayout.swift */ = {isa = PBXFileReference; fileEncoding = 4; lastKnownFileType = sourcecode.swift; path = ChatCollectionViewDelegateFlowLayout.swift; sourceTree = "<group>"; };
		2BC58A8324EFDBEB00EB3DB2 /* ChatCollectionViewDataSource.swift */ = {isa = PBXFileReference; fileEncoding = 4; lastKnownFileType = sourcecode.swift; path = ChatCollectionViewDataSource.swift; sourceTree = "<group>"; };
		2BC58A8424EFDBEB00EB3DB2 /* ChatCollectionViewFlowLayout.swift */ = {isa = PBXFileReference; fileEncoding = 4; lastKnownFileType = sourcecode.swift; path = ChatCollectionViewFlowLayout.swift; sourceTree = "<group>"; };
		2BE1895F24C8AF8800CFFA7A /* MyProfileViewController.swift */ = {isa = PBXFileReference; lastKnownFileType = sourcecode.swift; path = MyProfileViewController.swift; sourceTree = "<group>"; };
		2BE1896224C8B1BD00CFFA7A /* MyProfileGalleryCollectionViewCell.swift */ = {isa = PBXFileReference; lastKnownFileType = sourcecode.swift; path = MyProfileGalleryCollectionViewCell.swift; sourceTree = "<group>"; };
		2BE1896324C8B1BD00CFFA7A /* MyProfileGalleryCollectionViewCell.xib */ = {isa = PBXFileReference; lastKnownFileType = file.xib; path = MyProfileGalleryCollectionViewCell.xib; sourceTree = "<group>"; };
		2BE1896624C8B32700CFFA7A /* UserPhotoObject.swift */ = {isa = PBXFileReference; lastKnownFileType = sourcecode.swift; path = UserPhotoObject.swift; sourceTree = "<group>"; };
		2BE1896824C8C7AC00CFFA7A /* PlayerView.swift */ = {isa = PBXFileReference; lastKnownFileType = sourcecode.swift; path = PlayerView.swift; sourceTree = "<group>"; };
		49D3EDEC7FB61351C0C15913 /* Pods-xDating.release.xcconfig */ = {isa = PBXFileReference; includeInIndex = 1; lastKnownFileType = text.xcconfig; name = "Pods-xDating.release.xcconfig"; path = "Target Support Files/Pods-xDating/Pods-xDating.release.xcconfig"; sourceTree = "<group>"; };
		CC58E61424C686AE36153FB4 /* Pods-xDating.debug.xcconfig */ = {isa = PBXFileReference; includeInIndex = 1; lastKnownFileType = text.xcconfig; name = "Pods-xDating.debug.xcconfig"; path = "Target Support Files/Pods-xDating/Pods-xDating.debug.xcconfig"; sourceTree = "<group>"; };
		E70DFBCD6D8972180E9707D7 /* Pods_xDating.framework */ = {isa = PBXFileReference; explicitFileType = wrapper.framework; includeInIndex = 0; path = Pods_xDating.framework; sourceTree = BUILT_PRODUCTS_DIR; };
/* End PBXFileReference section */

/* Begin PBXFrameworksBuildPhase section */
		2B9E97E624C6FBDA00ED7A68 /* Frameworks */ = {
			isa = PBXFrameworksBuildPhase;
			buildActionMask = 2147483647;
			files = (
				35CA011340B7D950655B14C9 /* Pods_xDating.framework in Frameworks */,
			);
			runOnlyForDeploymentPostprocessing = 0;
		};
/* End PBXFrameworksBuildPhase section */

/* Begin PBXGroup section */
		1E3FC70EAB3BA3C1B7A1E8CA /* Frameworks */ = {
			isa = PBXGroup;
			children = (
				E70DFBCD6D8972180E9707D7 /* Pods_xDating.framework */,
			);
			name = Frameworks;
			sourceTree = "<group>";
		};
		2B23E8C424EBF97B00EC89AB /* WhoViewedYourProfile */ = {
			isa = PBXGroup;
			children = (
				2B23E8C224EBF96100EC89AB /* WhoViewedYourProfileViewController.swift */,
			);
			path = WhoViewedYourProfile;
			sourceTree = "<group>";
		};
		2B3A35D624E041E80014FF4B /* UserProfileView */ = {
			isa = PBXGroup;
			children = (
				2B3A35D724E042150014FF4B /* UserProfileViewController.swift */,
				2B3A35D824E042150014FF4B /* UserProfileViewController.xib */,
			);
			path = UserProfileView;
			sourceTree = "<group>";
		};
		2B83415624F04EB700B74673 /* NewDialogScreen */ = {
			isa = PBXGroup;
			children = (
				2B83415724F04EB700B74673 /* EnterChatNameVC.swift */,
				2B83415824F04EB700B74673 /* UserTableViewCell.swift */,
				2B83415924F04EB700B74673 /* UserTableViewCell.xib */,
				2B83415A24F04EB700B74673 /* NewCreateNewDialogVC.swift */,
			);
			path = NewDialogScreen;
			sourceTree = "<group>";
		};
		2B83415F24F04F5A00B74673 /* UsersInfoScreen */ = {
			isa = PBXGroup;
			children = (
				2B83416024F04F5A00B74673 /* UsersInfoTableViewController.swift */,
			);
			path = UsersInfoScreen;
			sourceTree = "<group>";
		};
		2B83419D24F9851F00B74673 /* ChatScreen */ = {
			isa = PBXGroup;
			children = (
				2B8341B524F9858500B74673 /* SelectAssetsScreen */,
				2B8341B024F9856E00B74673 /* PopVCScreen */,
				2B8341A924F9855B00B74673 /* MediaScreen */,
				2B8341A624F9854900B74673 /* DataSource */,
				2B8341A024F9853500B74673 /* Chat.storyboard */,
				2B83419E24F9853500B74673 /* ChatNewViewController.swift */,
				2B83419F24F9853500B74673 /* ChatNewViewController.xib */,
				2B8341A124F9853600B74673 /* ChatViewController.swift */,
			);
			path = ChatScreen;
			sourceTree = "<group>";
		};
		2B8341A624F9854900B74673 /* DataSource */ = {
			isa = PBXGroup;
			children = (
				2B8341A724F9855200B74673 /* ChatDataSource.swift */,
			);
			path = DataSource;
			sourceTree = "<group>";
		};
		2B8341A924F9855B00B74673 /* MediaScreen */ = {
			isa = PBXGroup;
			children = (
				2B8341AA24F9856400B74673 /* ParentVideoVC.swift */,
				2B8341AC24F9856400B74673 /* PDFViewController.swift */,
				2B8341AB24F9856400B74673 /* ZoomedAttachmentViewController.swift */,
			);
			path = MediaScreen;
			sourceTree = "<group>";
		};
		2B8341B024F9856E00B74673 /* PopVCScreen */ = {
			isa = PBXGroup;
			children = (
				2B8341B124F9857900B74673 /* ChatActionCell.swift */,
				2B8341B224F9857900B74673 /* ChatPopVC.swift */,
			);
			path = PopVCScreen;
			sourceTree = "<group>";
		};
		2B8341B524F9858500B74673 /* SelectAssetsScreen */ = {
			isa = PBXGroup;
			children = (
				2B8341B724F9858D00B74673 /* SelectAssetCell.swift */,
				2B8341B624F9858D00B74673 /* SelectAssetsVC.swift */,
			);
			path = SelectAssetsScreen;
			sourceTree = "<group>";
		};
		2B8341BA24FA8DC400B74673 /* EditProfile */ = {
			isa = PBXGroup;
			children = (
				2B8341BB24FA8DDD00B74673 /* EditProfileViewController.swift */,
				2B8341BC24FA8DDD00B74673 /* EditProfileViewController.xib */,
			);
			path = EditProfile;
			sourceTree = "<group>";
		};
		2B8341BF24FBA81F00B74673 /* SettingsView */ = {
			isa = PBXGroup;
			children = (
				2B8341D024FBA86500B74673 /* SettingsViewController.swift */,
				2B8341D124FBA86500B74673 /* SettingsViewController.xib */,
				2B8341D424FBAB4B00B74673 /* SettingsTableViewCell.swift */,
				2B8341D524FBAB4B00B74673 /* SettingsTableViewCell.xib */,
			);
			path = SettingsView;
			sourceTree = "<group>";
		};
		2B9E97E024C6FBDA00ED7A68 = {
			isa = PBXGroup;
			children = (
				2B9E97EB24C6FBDA00ED7A68 /* xDating */,
				2B9E97EA24C6FBDA00ED7A68 /* Products */,
				F09929E8D5EC57A135B87C0E /* Pods */,
				1E3FC70EAB3BA3C1B7A1E8CA /* Frameworks */,
			);
			sourceTree = "<group>";
		};
		2B9E97EA24C6FBDA00ED7A68 /* Products */ = {
			isa = PBXGroup;
			children = (
				2B9E97E924C6FBDA00ED7A68 /* XD.app */,
			);
			name = Products;
			sourceTree = "<group>";
		};
		2B9E97EB24C6FBDA00ED7A68 /* xDating */ = {
			isa = PBXGroup;
			children = (
				2B9E980024C6FC4500ED7A68 /* Classes */,
				2B9E980A24C6FC6C00ED7A68 /* Utilities */,
				2B9E980524C6FC5B00ED7A68 /* SignUpLogin */,
				2B9E981124C7056900ED7A68 /* MainAppScreen */,
				2B9E97EC24C6FBDA00ED7A68 /* AppDelegate.swift */,
				2B9E97F024C6FBDA00ED7A68 /* ViewController.swift */,
				2B9E97F224C6FBDA00ED7A68 /* Main.storyboard */,
				2B9E97F524C6FBDA00ED7A68 /* Assets.xcassets */,
				2B9E97F724C6FBDA00ED7A68 /* LaunchScreen.storyboard */,
				2B9E97FA24C6FBDA00ED7A68 /* Info.plist */,
			);
			path = xDating;
			sourceTree = "<group>";
		};
		2B9E980024C6FC4500ED7A68 /* Classes */ = {
			isa = PBXGroup;
			children = (
				2B76136024EAF75F00063465 /* ImageScrollView.swift */,
				2BE1896824C8C7AC00CFFA7A /* PlayerView.swift */,
				2B9E980124C6FC4C00ED7A68 /* SKActivityIndicatorView.swift */,
				2B9E980224C6FC4C00ED7A68 /* SKActivityIndicatorViewStyle.swift */,
				2B3A35D424DF1A630014FF4B /* TimeAgo.swift */,
				2B83417124F2FF6800B74673 /* ProfileView.swift */,
			);
			path = Classes;
			sourceTree = "<group>";
		};
		2B9E980524C6FC5B00ED7A68 /* SignUpLogin */ = {
			isa = PBXGroup;
			children = (
				2B9E980624C6FC6300ED7A68 /* SignUpViewController.swift */,
				2B9E980724C6FC6300ED7A68 /* SignUpViewController.xib */,
				2B9E982824C7614100ED7A68 /* SignUpSecondViewController.swift */,
				2B9E982924C7614100ED7A68 /* SignUpSecondViewController.xib */,
				2B2FD80524C8D99E0042BF6D /* LoginViewController.swift */,
				2B2FD80624C8D99E0042BF6D /* LoginViewController.xib */,
			);
			path = SignUpLogin;
			sourceTree = "<group>";
		};
		2B9E980A24C6FC6C00ED7A68 /* Utilities */ = {
			isa = PBXGroup;
			children = (
				2B8341D824FBDDCE00B74673 /* countries.json */,
				2B9E980D24C6FC7200ED7A68 /* Extensions.swift */,
				2B9E980B24C6FC7200ED7A68 /* ParseUtilities.swift */,
				2B9E980C24C6FC7200ED7A68 /* Utilities.swift */,
				2B76136224EAF78900063465 /* ImageViewerViewController.swift */,
				2B76136324EAF78900063465 /* ImageViewerViewController.xib */,
				2BC589D724EFA54F00EB3DB2 /* QuickbloxUtilities.swift */,
			);
			path = Utilities;
			sourceTree = "<group>";
		};
		2B9E981124C7056900ED7A68 /* MainAppScreen */ = {
			isa = PBXGroup;
			children = (
				2B8341BF24FBA81F00B74673 /* SettingsView */,
				2B8341BA24FA8DC400B74673 /* EditProfile */,
				2BC58A2824EFDAC100EB3DB2 /* UserPorfile */,
				2BC589D924EFD68D00EB3DB2 /* Chat */,
				2BC589D024EE9D6800EB3DB2 /* NotLoggedInView */,
				2BC589CD24ECFCC400EB3DB2 /* Search */,
				2B23E8C424EBF97B00EC89AB /* WhoViewedYourProfile */,
				2B3A35D624E041E80014FF4B /* UserProfileView */,
				2BAA937B24E939260022338A /* MyProfile */,
				2BE1896124C8B19E00CFFA7A /* Cells */,
				2BAA937224E9363E0022338A /* Feed */,
			);
			path = MainAppScreen;
			sourceTree = "<group>";
		};
		2BAA937224E9363E0022338A /* Feed */ = {
			isa = PBXGroup;
			children = (
				2B76135E24EA688400063465 /* ImageCellNode.swift */,
				2BE1896624C8B32700CFFA7A /* UserPhotoObject.swift */,
				2B9E981B24C70D4A00ED7A68 /* MainAppViewController.swift */,
				2B76135A24E96A5400063465 /* FeedCellNode.swift */,
			);
			path = Feed;
			sourceTree = "<group>";
		};
		2BAA937B24E939260022338A /* MyProfile */ = {
			isa = PBXGroup;
			children = (
				2BE1895F24C8AF8800CFFA7A /* MyProfileViewController.swift */,
			);
			path = MyProfile;
			sourceTree = "<group>";
		};
		2BC589CD24ECFCC400EB3DB2 /* Search */ = {
			isa = PBXGroup;
			children = (
				2BC589CE24ECFCD300EB3DB2 /* SearchViewController.swift */,
			);
			path = Search;
			sourceTree = "<group>";
		};
		2BC589D024EE9D6800EB3DB2 /* NotLoggedInView */ = {
			isa = PBXGroup;
			children = (
				2BC589D124EE9D7E00EB3DB2 /* NotLoggedInView.swift */,
				2BC589D324EE9DBC00EB3DB2 /* NotLoggedInView.xib */,
			);
			path = NotLoggedInView;
			sourceTree = "<group>";
		};
		2BC589D924EFD68D00EB3DB2 /* Chat */ = {
			isa = PBXGroup;
			children = (
				2B83419D24F9851F00B74673 /* ChatScreen */,
				2B83415F24F04F5A00B74673 /* UsersInfoScreen */,
				2B83415624F04EB700B74673 /* NewDialogScreen */,
				2BC58A2B24EFDB1800EB3DB2 /* Classes */,
				2BC58A2024EFD91500EB3DB2 /* Reachability */,
				2BC589FE24EFD7E000EB3DB2 /* Utils */,
				2BC589EF24EFD73E00EB3DB2 /* ChatManager */,
				2BC589E624EFD6DE00EB3DB2 /* DialogsScreen */,
				2B83416224F0542000B74673 /* DialogsNewViewController.swift */,
			);
			path = Chat;
			sourceTree = "<group>";
		};
		2BC589E624EFD6DE00EB3DB2 /* DialogsScreen */ = {
			isa = PBXGroup;
			children = (
				2BC589E924EFD6EF00EB3DB2 /* DialogCell.swift */,
				2BC589EA24EFD6EF00EB3DB2 /* Dialogs.storyboard */,
				2BC589E824EFD6EF00EB3DB2 /* DialogsSelectionVC.swift */,
				2BC589E724EFD6EF00EB3DB2 /* DialogsViewController.swift */,
				2B83416424F1400300B74673 /* DialogCellNew.swift */,
				2B83416524F1400300B74673 /* DialogCellNew.xib */,
			);
			path = DialogsScreen;
			sourceTree = "<group>";
		};
		2BC589EF24EFD73E00EB3DB2 /* ChatManager */ = {
			isa = PBXGroup;
			children = (
				2BC589F224EFD75F00EB3DB2 /* ChatManager.swift */,
				2BC589F324EFD76000EB3DB2 /* ChatStorage.swift */,
				2BC589F024EFD74A00EB3DB2 /* Operations */,
			);
			path = ChatManager;
			sourceTree = "<group>";
		};
		2BC589F024EFD74A00EB3DB2 /* Operations */ = {
			isa = PBXGroup;
			children = (
				2BC589F624EFD76A00EB3DB2 /* AttachmentDownloadManager.swift */,
				2BC589F724EFD76B00EB3DB2 /* AttachmentDownloadOperation.swift */,
				2BC589F824EFD76B00EB3DB2 /* CacheManager.swift */,
				2BC589F124EFD75500EB3DB2 /* AbstractAsyncOperation */,
			);
			path = Operations;
			sourceTree = "<group>";
		};
		2BC589F124EFD75500EB3DB2 /* AbstractAsyncOperation */ = {
			isa = PBXGroup;
			children = (
				2BC589FC24EFD77200EB3DB2 /* AsyncOperation.swift */,
			);
			path = AbstractAsyncOperation;
			sourceTree = "<group>";
		};
		2BC589FE24EFD7E000EB3DB2 /* Utils */ = {
			isa = PBXGroup;
			children = (
				2BC589FF24EFD7EE00EB3DB2 /* Extentions */,
			);
			path = Utils;
			sourceTree = "<group>";
		};
		2BC589FF24EFD7EE00EB3DB2 /* Extentions */ = {
			isa = PBXGroup;
			children = (
				2BC58A0C24EFD7FE00EB3DB2 /* CALayer+Blur.swift */,
				2BC58A0124EFD7FD00EB3DB2 /* Date+Extention.swift */,
				2BC58A0924EFD7FE00EB3DB2 /* Double+Extention.swift */,
				2BC58A0A24EFD7FE00EB3DB2 /* ImageView+Extention.swift */,
				2BC58A0724EFD7FE00EB3DB2 /* PHAsset+Extention.swift */,
				2BC58A0B24EFD7FE00EB3DB2 /* String+Extention.swift */,
				2BC58A0224EFD7FD00EB3DB2 /* UIButton+Extention.swift */,
				2BC58A0024EFD7FD00EB3DB2 /* UIColor+Extention.swift */,
				2BC58A0524EFD7FE00EB3DB2 /* UIImage+Extention.swift */,
				2BC58A0324EFD7FE00EB3DB2 /* UILabel+Extention.swift */,
				2BC58A0424EFD7FE00EB3DB2 /* UISearchBar+Extention.swift */,
				2BC58A0F24EFD7FF00EB3DB2 /* UITableView+EmptyAlert.swift */,
				2BC58A0624EFD7FE00EB3DB2 /* UITextField+Extention.swift */,
				2BC58A0D24EFD7FF00EB3DB2 /* UIView+Extention.swift */,
				2BC58A0824EFD7FE00EB3DB2 /* UIViewController+Extention.swift */,
				2BC58A0E24EFD7FF00EB3DB2 /* URL+Extention.swift */,
			);
			path = Extentions;
			sourceTree = "<group>";
		};
		2BC58A2024EFD91500EB3DB2 /* Reachability */ = {
			isa = PBXGroup;
			children = (
				2BC58A2124EFD92000EB3DB2 /* Reachability.swift */,
			);
			path = Reachability;
			sourceTree = "<group>";
		};
		2BC58A2824EFDAC100EB3DB2 /* UserPorfile */ = {
			isa = PBXGroup;
			children = (
				2BC58A2924EFDAC900EB3DB2 /* Profile.swift */,
			);
			path = UserPorfile;
			sourceTree = "<group>";
		};
		2BC58A2B24EFDB1800EB3DB2 /* Classes */ = {
			isa = PBXGroup;
			children = (
				2BC58A4724EFDBB500EB3DB2 /* Chat */,
				2BC58A2C24EFDB2F00EB3DB2 /* Views */,
			);
			path = Classes;
			sourceTree = "<group>";
		};
		2BC58A2C24EFDB2F00EB3DB2 /* Views */ = {
			isa = PBXGroup;
			children = (
				2BC58A2E24EFDB3800EB3DB2 /* CornerView.swift */,
				2BC58A3524EFDB3800EB3DB2 /* DialogTableViewCell.swift */,
				2BC58A2F24EFDB3800EB3DB2 /* TitleView.swift */,
				2BC58A3024EFDB3800EB3DB2 /* ChatPrivateTitleView.swift */,
				2BC58A3724EFDB3800EB3DB2 /* TypingView.swift */,
				2BC58A3624EFDB3800EB3DB2 /* VideoPlayerView.swift */,
				2BC58A3424EFDB3800EB3DB2 /* CircularProgressBar.swift */,
				2BC58A3924EFDB3900EB3DB2 /* DarkenedHoleView.swift */,
				2BC58A2D24EFDB3800EB3DB2 /* DarkenedHoleView.xib */,
				2BC58A3124EFDB3800EB3DB2 /* ActionCell.swift */,
				2BC58A3824EFDB3800EB3DB2 /* ActionCell.xib */,
				2BC58A3324EFDB3800EB3DB2 /* CoverTableView.swift */,
				2BC58A3224EFDB3800EB3DB2 /* CoverTableView.xib */,
			);
			path = Views;
			sourceTree = "<group>";
		};
		2BC58A4724EFDBB500EB3DB2 /* Chat */ = {
			isa = PBXGroup;
			children = (
				2BC58A6724EFDBEB00EB3DB2 /* CollectionView */,
				2BC58A5224EFDBCC00EB3DB2 /* CustomUI */,
				2BC58A4A24EFDBC200EB3DB2 /* ChatActionsHandler.swift */,
				2BC58A4C24EFDBC300EB3DB2 /* ChatContainerView.swift */,
				2BC58A4924EFDBC200EB3DB2 /* ChatResources.swift */,
				2BC58A4B24EFDBC300EB3DB2 /* KVOView.swift */,
				2BC58A4824EFDBC200EB3DB2 /* UIView+Pins.swift */,
			);
			path = Chat;
			sourceTree = "<group>";
		};
		2BC58A5224EFDBCC00EB3DB2 /* CustomUI */ = {
			isa = PBXGroup;
			children = (
				2BC58A5724EFDBDD00EB3DB2 /* AttachmentBar */,
				2BC58A5C24EFDBDE00EB3DB2 /* HeaderCollectionReusableView */,
				2BC58A5324EFDBDD00EB3DB2 /* InputToolBar */,
				2BC58A5A24EFDBDD00EB3DB2 /* PlaceHolderTextView */,
			);
			path = CustomUI;
			sourceTree = "<group>";
		};
		2BC58A5324EFDBDD00EB3DB2 /* InputToolBar */ = {
			isa = PBXGroup;
			children = (
				2BC58A5424EFDBDD00EB3DB2 /* ToolbarContentView.xib */,
				2BC58A5524EFDBDD00EB3DB2 /* ToolbarContentView.swift */,
				2BC58A5624EFDBDD00EB3DB2 /* InputToolbar.swift */,
			);
			path = InputToolBar;
			sourceTree = "<group>";
		};
		2BC58A5724EFDBDD00EB3DB2 /* AttachmentBar */ = {
			isa = PBXGroup;
			children = (
				2BC58A5824EFDBDD00EB3DB2 /* AttachmentUploadBar.xib */,
				2BC58A5924EFDBDD00EB3DB2 /* AttachmentUploadBar.swift */,
			);
			path = AttachmentBar;
			sourceTree = "<group>";
		};
		2BC58A5A24EFDBDD00EB3DB2 /* PlaceHolderTextView */ = {
			isa = PBXGroup;
			children = (
				2BC58A5B24EFDBDD00EB3DB2 /* PlaceHolderTextView.swift */,
			);
			path = PlaceHolderTextView;
			sourceTree = "<group>";
		};
		2BC58A5C24EFDBDE00EB3DB2 /* HeaderCollectionReusableView */ = {
			isa = PBXGroup;
			children = (
				2BC58A5D24EFDBDE00EB3DB2 /* HeaderCollectionReusableView.xib */,
				2BC58A5E24EFDBDE00EB3DB2 /* HeaderCollectionReusableView.swift */,
			);
			path = HeaderCollectionReusableView;
			sourceTree = "<group>";
		};
		2BC58A6724EFDBEB00EB3DB2 /* CollectionView */ = {
			isa = PBXGroup;
			children = (
				2BC58A6824EFDBEB00EB3DB2 /* CollectionCells */,
				2BC58A7F24EFDBEB00EB3DB2 /* ChatCollectionView.swift */,
				2BC58A8024EFDBEB00EB3DB2 /* ChatCellLayoutAttributes.swift */,
				2BC58A8124EFDBEB00EB3DB2 /* CollectionViewFlowLayoutInvalidationContext.swift */,
				2BC58A8224EFDBEB00EB3DB2 /* ChatCollectionViewDelegateFlowLayout.swift */,
				2BC58A8324EFDBEB00EB3DB2 /* ChatCollectionViewDataSource.swift */,
				2BC58A8424EFDBEB00EB3DB2 /* ChatCollectionViewFlowLayout.swift */,
			);
			path = CollectionView;
			sourceTree = "<group>";
		};
		2BC58A6824EFDBEB00EB3DB2 /* CollectionCells */ = {
			isa = PBXGroup;
			children = (
				2BC58A6924EFDBEB00EB3DB2 /* ChatIncomingCell */,
				2BC58A6C24EFDBEB00EB3DB2 /* ChatAttachmentOutgoingCell */,
				2BC58A6F24EFDBEB00EB3DB2 /* ChatCell */,
				2BC58A7124EFDBEB00EB3DB2 /* ChatNotificationCell */,
				2BC58A7424EFDBEB00EB3DB2 /* ChatDateCell */,
				2BC58A7724EFDBEB00EB3DB2 /* ChatAttachmentCell */,
				2BC58A7924EFDBEB00EB3DB2 /* ChatOutgoingCell */,
				2BC58A7C24EFDBEB00EB3DB2 /* ChatAttachmentIncomingCell */,
			);
			path = CollectionCells;
			sourceTree = "<group>";
		};
		2BC58A6924EFDBEB00EB3DB2 /* ChatIncomingCell */ = {
			isa = PBXGroup;
			children = (
				2BC58A6A24EFDBEB00EB3DB2 /* ChatIncomingCell.xib */,
				2BC58A6B24EFDBEB00EB3DB2 /* ChatIncomingCell.swift */,
			);
			path = ChatIncomingCell;
			sourceTree = "<group>";
		};
		2BC58A6C24EFDBEB00EB3DB2 /* ChatAttachmentOutgoingCell */ = {
			isa = PBXGroup;
			children = (
				2BC58A6D24EFDBEB00EB3DB2 /* ChatAttachmentOutgoingCell.xib */,
				2BC58A6E24EFDBEB00EB3DB2 /* ChatAttachmentOutgoingCell.swift */,
			);
			path = ChatAttachmentOutgoingCell;
			sourceTree = "<group>";
		};
		2BC58A6F24EFDBEB00EB3DB2 /* ChatCell */ = {
			isa = PBXGroup;
			children = (
				2BC58A7024EFDBEB00EB3DB2 /* ChatCell.swift */,
			);
			path = ChatCell;
			sourceTree = "<group>";
		};
		2BC58A7124EFDBEB00EB3DB2 /* ChatNotificationCell */ = {
			isa = PBXGroup;
			children = (
				2BC58A7224EFDBEB00EB3DB2 /* ChatNotificationCell.swift */,
				2BC58A7324EFDBEB00EB3DB2 /* ChatNotificationCell.xib */,
			);
			path = ChatNotificationCell;
			sourceTree = "<group>";
		};
		2BC58A7424EFDBEB00EB3DB2 /* ChatDateCell */ = {
			isa = PBXGroup;
			children = (
				2BC58A7524EFDBEB00EB3DB2 /* ChatDateCell.xib */,
				2BC58A7624EFDBEB00EB3DB2 /* ChatDateCell.swift */,
			);
			path = ChatDateCell;
			sourceTree = "<group>";
		};
		2BC58A7724EFDBEB00EB3DB2 /* ChatAttachmentCell */ = {
			isa = PBXGroup;
			children = (
				2BC58A7824EFDBEB00EB3DB2 /* ChatAttachmentCell.swift */,
			);
			path = ChatAttachmentCell;
			sourceTree = "<group>";
		};
		2BC58A7924EFDBEB00EB3DB2 /* ChatOutgoingCell */ = {
			isa = PBXGroup;
			children = (
				2BC58A7A24EFDBEB00EB3DB2 /* ChatOutgoingCell.xib */,
				2BC58A7B24EFDBEB00EB3DB2 /* ChatOutgoingCell.swift */,
			);
			path = ChatOutgoingCell;
			sourceTree = "<group>";
		};
		2BC58A7C24EFDBEB00EB3DB2 /* ChatAttachmentIncomingCell */ = {
			isa = PBXGroup;
			children = (
				2BC58A7D24EFDBEB00EB3DB2 /* ChatAttachmentIncomingCell.xib */,
				2BC58A7E24EFDBEB00EB3DB2 /* ChatAttachmentIncomingCell.swift */,
			);
			path = ChatAttachmentIncomingCell;
			sourceTree = "<group>";
		};
		2BE1896124C8B19E00CFFA7A /* Cells */ = {
			isa = PBXGroup;
			children = (
				2BE1896224C8B1BD00CFFA7A /* MyProfileGalleryCollectionViewCell.swift */,
				2BE1896324C8B1BD00CFFA7A /* MyProfileGalleryCollectionViewCell.xib */,
				2B2FD80924DEABB40042BF6D /* MainScreenCollectionViewCell.swift */,
				2B2FD80A24DEABB40042BF6D /* MainScreenCollectionViewCell.xib */,
			);
			path = Cells;
			sourceTree = "<group>";
		};
		F09929E8D5EC57A135B87C0E /* Pods */ = {
			isa = PBXGroup;
			children = (
				CC58E61424C686AE36153FB4 /* Pods-xDating.debug.xcconfig */,
				49D3EDEC7FB61351C0C15913 /* Pods-xDating.release.xcconfig */,
			);
			path = Pods;
			sourceTree = "<group>";
		};
/* End PBXGroup section */

/* Begin PBXNativeTarget section */
		2B9E97E824C6FBDA00ED7A68 /* xDating */ = {
			isa = PBXNativeTarget;
			buildConfigurationList = 2B9E97FD24C6FBDA00ED7A68 /* Build configuration list for PBXNativeTarget "xDating" */;
			buildPhases = (
				39E7526CCAAD3D4E28BB23FF /* [CP] Check Pods Manifest.lock */,
				2B9E97E524C6FBDA00ED7A68 /* Sources */,
				2B9E97E624C6FBDA00ED7A68 /* Frameworks */,
				2B9E97E724C6FBDA00ED7A68 /* Resources */,
				5EBFF4C1BBB99C3093CB2012 /* [CP] Embed Pods Frameworks */,
			);
			buildRules = (
			);
			dependencies = (
			);
			name = xDating;
			productName = xDating;
			productReference = 2B9E97E924C6FBDA00ED7A68 /* XD.app */;
			productType = "com.apple.product-type.application";
		};
/* End PBXNativeTarget section */

/* Begin PBXProject section */
		2B9E97E124C6FBDA00ED7A68 /* Project object */ = {
			isa = PBXProject;
			attributes = {
				LastSwiftUpdateCheck = 1150;
				LastUpgradeCheck = 1150;
				ORGANIZATIONNAME = "Alpaslan Bak";
				TargetAttributes = {
					2B9E97E824C6FBDA00ED7A68 = {
						CreatedOnToolsVersion = 11.5;
					};
				};
			};
			buildConfigurationList = 2B9E97E424C6FBDA00ED7A68 /* Build configuration list for PBXProject "xDating" */;
			compatibilityVersion = "Xcode 9.3";
			developmentRegion = en;
			hasScannedForEncodings = 0;
			knownRegions = (
				en,
				Base,
			);
			mainGroup = 2B9E97E024C6FBDA00ED7A68;
			productRefGroup = 2B9E97EA24C6FBDA00ED7A68 /* Products */;
			projectDirPath = "";
			projectRoot = "";
			targets = (
				2B9E97E824C6FBDA00ED7A68 /* xDating */,
			);
		};
/* End PBXProject section */

/* Begin PBXResourcesBuildPhase section */
		2B9E97E724C6FBDA00ED7A68 /* Resources */ = {
			isa = PBXResourcesBuildPhase;
			buildActionMask = 2147483647;
			files = (
				2B8341BE24FA8DDD00B74673 /* EditProfileViewController.xib in Resources */,
				2BC589EE24EFD6EF00EB3DB2 /* Dialogs.storyboard in Resources */,
				2BC58A8F24EFDBEB00EB3DB2 /* ChatOutgoingCell.xib in Resources */,
				2B83416724F1400300B74673 /* DialogCellNew.xib in Resources */,
				2B83415D24F04EB700B74673 /* UserTableViewCell.xib in Resources */,
				2BC58A3F24EFDB3900EB3DB2 /* CoverTableView.xib in Resources */,
				2B9E97F924C6FBDA00ED7A68 /* LaunchScreen.storyboard in Resources */,
				2BC58A6524EFDBDE00EB3DB2 /* HeaderCollectionReusableView.xib in Resources */,
				2B9E97F624C6FBDA00ED7A68 /* Assets.xcassets in Resources */,
				2B76136524EAF78900063465 /* ImageViewerViewController.xib in Resources */,
				2B2FD80C24DEABB40042BF6D /* MainScreenCollectionViewCell.xib in Resources */,
				2B8341D724FBAB4B00B74673 /* SettingsTableViewCell.xib in Resources */,
				2B9E980924C6FC6300ED7A68 /* SignUpViewController.xib in Resources */,
				2BE1896524C8B1BD00CFFA7A /* MyProfileGalleryCollectionViewCell.xib in Resources */,
				2BC58A9124EFDBEB00EB3DB2 /* ChatAttachmentIncomingCell.xib in Resources */,
				2B8341A324F9853600B74673 /* ChatNewViewController.xib in Resources */,
				2B8341A424F9853600B74673 /* Chat.storyboard in Resources */,
				2B9E97F424C6FBDA00ED7A68 /* Main.storyboard in Resources */,
				2B8341D924FBDDCE00B74673 /* countries.json in Resources */,
				2BC58A5F24EFDBDE00EB3DB2 /* ToolbarContentView.xib in Resources */,
				2BC58A6224EFDBDE00EB3DB2 /* AttachmentUploadBar.xib in Resources */,
				2BC58A8724EFDBEB00EB3DB2 /* ChatAttachmentOutgoingCell.xib in Resources */,
				2BC58A8C24EFDBEB00EB3DB2 /* ChatDateCell.xib in Resources */,
				2BC58A8B24EFDBEB00EB3DB2 /* ChatNotificationCell.xib in Resources */,
				2B3A35DA24E042150014FF4B /* UserProfileViewController.xib in Resources */,
				2BC58A3A24EFDB3900EB3DB2 /* DarkenedHoleView.xib in Resources */,
				2B8341D324FBA86500B74673 /* SettingsViewController.xib in Resources */,
				2B2FD80824C8D99E0042BF6D /* LoginViewController.xib in Resources */,
				2BC58A4524EFDB3900EB3DB2 /* ActionCell.xib in Resources */,
				2BC58A8524EFDBEB00EB3DB2 /* ChatIncomingCell.xib in Resources */,
				2B9E982B24C7614100ED7A68 /* SignUpSecondViewController.xib in Resources */,
				2BC589D424EE9DBC00EB3DB2 /* NotLoggedInView.xib in Resources */,
			);
			runOnlyForDeploymentPostprocessing = 0;
		};
/* End PBXResourcesBuildPhase section */

/* Begin PBXShellScriptBuildPhase section */
		39E7526CCAAD3D4E28BB23FF /* [CP] Check Pods Manifest.lock */ = {
			isa = PBXShellScriptBuildPhase;
			buildActionMask = 2147483647;
			files = (
			);
			inputFileListPaths = (
			);
			inputPaths = (
				"${PODS_PODFILE_DIR_PATH}/Podfile.lock",
				"${PODS_ROOT}/Manifest.lock",
			);
			name = "[CP] Check Pods Manifest.lock";
			outputFileListPaths = (
			);
			outputPaths = (
				"$(DERIVED_FILE_DIR)/Pods-xDating-checkManifestLockResult.txt",
			);
			runOnlyForDeploymentPostprocessing = 0;
			shellPath = /bin/sh;
			shellScript = "diff \"${PODS_PODFILE_DIR_PATH}/Podfile.lock\" \"${PODS_ROOT}/Manifest.lock\" > /dev/null\nif [ $? != 0 ] ; then\n    # print error to STDERR\n    echo \"error: The sandbox is not in sync with the Podfile.lock. Run 'pod install' or update your CocoaPods installation.\" >&2\n    exit 1\nfi\n# This output is used by Xcode 'outputs' to avoid re-running this script phase.\necho \"SUCCESS\" > \"${SCRIPT_OUTPUT_FILE_0}\"\n";
			showEnvVarsInLog = 0;
		};
		5EBFF4C1BBB99C3093CB2012 /* [CP] Embed Pods Frameworks */ = {
			isa = PBXShellScriptBuildPhase;
			buildActionMask = 2147483647;
			files = (
			);
			inputFileListPaths = (
				"${PODS_ROOT}/Target Support Files/Pods-xDating/Pods-xDating-frameworks-${CONFIGURATION}-input-files.xcfilelist",
			);
			name = "[CP] Embed Pods Frameworks";
			outputFileListPaths = (
				"${PODS_ROOT}/Target Support Files/Pods-xDating/Pods-xDating-frameworks-${CONFIGURATION}-output-files.xcfilelist",
			);
			runOnlyForDeploymentPostprocessing = 0;
			shellPath = /bin/sh;
			shellScript = "\"${PODS_ROOT}/Target Support Files/Pods-xDating/Pods-xDating-frameworks.sh\"\n";
			showEnvVarsInLog = 0;
		};
/* End PBXShellScriptBuildPhase section */

/* Begin PBXSourcesBuildPhase section */
		2B9E97E524C6FBDA00ED7A68 /* Sources */ = {
			isa = PBXSourcesBuildPhase;
			buildActionMask = 2147483647;
			files = (
				2BC58A1124EFD7FF00EB3DB2 /* Date+Extention.swift in Sources */,
				2BC589F524EFD76000EB3DB2 /* ChatStorage.swift in Sources */,
				2B83415C24F04EB700B74673 /* UserTableViewCell.swift in Sources */,
				2BC58A8A24EFDBEB00EB3DB2 /* ChatNotificationCell.swift in Sources */,
				2B9E980824C6FC6300ED7A68 /* SignUpViewController.swift in Sources */,
				2BC589D824EFA54F00EB3DB2 /* QuickbloxUtilities.swift in Sources */,
				2BC58A4F24EFDBC300EB3DB2 /* ChatActionsHandler.swift in Sources */,
				2B9E981C24C70D4A00ED7A68 /* MainAppViewController.swift in Sources */,
				2BC58A1A24EFD7FF00EB3DB2 /* ImageView+Extention.swift in Sources */,
				2B9E981024C6FC7300ED7A68 /* Extensions.swift in Sources */,
				2B8341A224F9853600B74673 /* ChatNewViewController.swift in Sources */,
				2BC58A8824EFDBEB00EB3DB2 /* ChatAttachmentOutgoingCell.swift in Sources */,
				2B8341B424F9857900B74673 /* ChatPopVC.swift in Sources */,
				2B2FD80724C8D99E0042BF6D /* LoginViewController.swift in Sources */,
				2BC58A6124EFDBDE00EB3DB2 /* InputToolbar.swift in Sources */,
				2BC58A4324EFDB3900EB3DB2 /* VideoPlayerView.swift in Sources */,
				2B83415B24F04EB700B74673 /* EnterChatNameVC.swift in Sources */,
				2B76136424EAF78900063465 /* ImageViewerViewController.swift in Sources */,
				2BC58A1424EFD7FF00EB3DB2 /* UISearchBar+Extention.swift in Sources */,
				2BC58A8624EFDBEB00EB3DB2 /* ChatIncomingCell.swift in Sources */,
				2B83416324F0542000B74673 /* DialogsNewViewController.swift in Sources */,
				2B8341D224FBA86500B74673 /* SettingsViewController.swift in Sources */,
				2BC58A9624EFDBEB00EB3DB2 /* ChatCollectionViewDelegateFlowLayout.swift in Sources */,
				2B9E980424C6FC4C00ED7A68 /* SKActivityIndicatorViewStyle.swift in Sources */,
				2BE1896024C8AF8800CFFA7A /* MyProfileViewController.swift in Sources */,
				2B23E8C324EBF96100EC89AB /* WhoViewedYourProfileViewController.swift in Sources */,
				2BC58A4E24EFDBC300EB3DB2 /* ChatResources.swift in Sources */,
				2BC58A3D24EFDB3900EB3DB2 /* ChatPrivateTitleView.swift in Sources */,
				2BE1896424C8B1BD00CFFA7A /* MyProfileGalleryCollectionViewCell.swift in Sources */,
				2BC58A3B24EFDB3900EB3DB2 /* CornerView.swift in Sources */,
				2B3A35D924E042150014FF4B /* UserProfileViewController.swift in Sources */,
				2BC58A1B24EFD7FF00EB3DB2 /* String+Extention.swift in Sources */,
				2BC58A9224EFDBEB00EB3DB2 /* ChatAttachmentIncomingCell.swift in Sources */,
				2BC58A6324EFDBDE00EB3DB2 /* AttachmentUploadBar.swift in Sources */,
				2BC58A1024EFD7FF00EB3DB2 /* UIColor+Extention.swift in Sources */,
				2BC589EB24EFD6EF00EB3DB2 /* DialogsViewController.swift in Sources */,
				2BC58A5124EFDBC300EB3DB2 /* ChatContainerView.swift in Sources */,
				2B8341AF24F9856400B74673 /* PDFViewController.swift in Sources */,
				2BC589FD24EFD77200EB3DB2 /* AsyncOperation.swift in Sources */,
				2BC58A1524EFD7FF00EB3DB2 /* UIImage+Extention.swift in Sources */,
				2B9E982A24C7614100ED7A68 /* SignUpSecondViewController.swift in Sources */,
				2B83417224F2FF6800B74673 /* ProfileView.swift in Sources */,
				2BC58A6024EFDBDE00EB3DB2 /* ToolbarContentView.swift in Sources */,
				2BC589EC24EFD6EF00EB3DB2 /* DialogsSelectionVC.swift in Sources */,
				2BC589FA24EFD76B00EB3DB2 /* AttachmentDownloadOperation.swift in Sources */,
				2B8341A824F9855200B74673 /* ChatDataSource.swift in Sources */,
				2BC589D224EE9D7E00EB3DB2 /* NotLoggedInView.swift in Sources */,
				2BC58A9424EFDBEB00EB3DB2 /* ChatCellLayoutAttributes.swift in Sources */,
				2BC58A2A24EFDAC900EB3DB2 /* Profile.swift in Sources */,
				2BC58A1624EFD7FF00EB3DB2 /* UITextField+Extention.swift in Sources */,
				2BC58A4024EFDB3900EB3DB2 /* CoverTableView.swift in Sources */,
				2BC58A1924EFD7FF00EB3DB2 /* Double+Extention.swift in Sources */,
				2BC58A8D24EFDBEB00EB3DB2 /* ChatDateCell.swift in Sources */,
				2BC589F424EFD76000EB3DB2 /* ChatManager.swift in Sources */,
				2B9E97F124C6FBDA00ED7A68 /* ViewController.swift in Sources */,
				2BC58A3C24EFDB3900EB3DB2 /* TitleView.swift in Sources */,
				2B9E97ED24C6FBDA00ED7A68 /* AppDelegate.swift in Sources */,
				2B8341B924F9858D00B74673 /* SelectAssetCell.swift in Sources */,
				2BC58A4224EFDB3900EB3DB2 /* DialogTableViewCell.swift in Sources */,
				2BC58A1724EFD7FF00EB3DB2 /* PHAsset+Extention.swift in Sources */,
				2B8341B824F9858D00B74673 /* SelectAssetsVC.swift in Sources */,
				2BC58A8924EFDBEB00EB3DB2 /* ChatCell.swift in Sources */,
				2BC58A9324EFDBEB00EB3DB2 /* ChatCollectionView.swift in Sources */,
				2B83416124F04F5B00B74673 /* UsersInfoTableViewController.swift in Sources */,
				2BC58A4424EFDB3900EB3DB2 /* TypingView.swift in Sources */,
				2BC58A1C24EFD7FF00EB3DB2 /* CALayer+Blur.swift in Sources */,
				2BC58A1324EFD7FF00EB3DB2 /* UILabel+Extention.swift in Sources */,
				2BC589FB24EFD76B00EB3DB2 /* CacheManager.swift in Sources */,
				2B83416624F1400300B74673 /* DialogCellNew.swift in Sources */,
				2B8341AE24F9856400B74673 /* ZoomedAttachmentViewController.swift in Sources */,
				2BE1896924C8C7AC00CFFA7A /* PlayerView.swift in Sources */,
				2BC58A3E24EFDB3900EB3DB2 /* ActionCell.swift in Sources */,
				2BC58A6624EFDBDE00EB3DB2 /* HeaderCollectionReusableView.swift in Sources */,
				2B9E980E24C6FC7300ED7A68 /* ParseUtilities.swift in Sources */,
				2B8341AD24F9856400B74673 /* ParentVideoVC.swift in Sources */,
				2BE1896724C8B32700CFFA7A /* UserPhotoObject.swift in Sources */,
				2BC589F924EFD76B00EB3DB2 /* AttachmentDownloadManager.swift in Sources */,
				2BC58A1224EFD7FF00EB3DB2 /* UIButton+Extention.swift in Sources */,
				2BC58A2224EFD92000EB3DB2 /* Reachability.swift in Sources */,
				2BC58A6424EFDBDE00EB3DB2 /* PlaceHolderTextView.swift in Sources */,
				2BC58A9524EFDBEB00EB3DB2 /* CollectionViewFlowLayoutInvalidationContext.swift in Sources */,
				2BC58A1D24EFD7FF00EB3DB2 /* UIView+Extention.swift in Sources */,
				2BC58A4624EFDB3900EB3DB2 /* DarkenedHoleView.swift in Sources */,
				2BC58A1F24EFD7FF00EB3DB2 /* UITableView+EmptyAlert.swift in Sources */,
				2B8341BD24FA8DDD00B74673 /* EditProfileViewController.swift in Sources */,
				2BC58A9724EFDBEB00EB3DB2 /* ChatCollectionViewDataSource.swift in Sources */,
				2BC58A4D24EFDBC300EB3DB2 /* UIView+Pins.swift in Sources */,
				2B2FD80B24DEABB40042BF6D /* MainScreenCollectionViewCell.swift in Sources */,
				2B76136124EAF75F00063465 /* ImageScrollView.swift in Sources */,
				2BC589CF24ECFCD300EB3DB2 /* SearchViewController.swift in Sources */,
				2B9E980F24C6FC7300ED7A68 /* Utilities.swift in Sources */,
				2B8341A524F9853600B74673 /* ChatViewController.swift in Sources */,
				2B9E980324C6FC4C00ED7A68 /* SKActivityIndicatorView.swift in Sources */,
				2B3A35D524DF1A630014FF4B /* TimeAgo.swift in Sources */,
				2B76135B24E96A5400063465 /* FeedCellNode.swift in Sources */,
				2B76135F24EA688500063465 /* ImageCellNode.swift in Sources */,
				2BC58A5024EFDBC300EB3DB2 /* KVOView.swift in Sources */,
				2BC58A1824EFD7FF00EB3DB2 /* UIViewController+Extention.swift in Sources */,
				2BC58A9824EFDBEB00EB3DB2 /* ChatCollectionViewFlowLayout.swift in Sources */,
				2BC58A8E24EFDBEB00EB3DB2 /* ChatAttachmentCell.swift in Sources */,
				2B8341D624FBAB4B00B74673 /* SettingsTableViewCell.swift in Sources */,
				2BC58A1E24EFD7FF00EB3DB2 /* URL+Extention.swift in Sources */,
				2BC58A9024EFDBEB00EB3DB2 /* ChatOutgoingCell.swift in Sources */,
				2B8341B324F9857900B74673 /* ChatActionCell.swift in Sources */,
				2BC589ED24EFD6EF00EB3DB2 /* DialogCell.swift in Sources */,
				2B83415E24F04EB700B74673 /* NewCreateNewDialogVC.swift in Sources */,
				2BC58A4124EFDB3900EB3DB2 /* CircularProgressBar.swift in Sources */,
			);
			runOnlyForDeploymentPostprocessing = 0;
		};
/* End PBXSourcesBuildPhase section */

/* Begin PBXVariantGroup section */
		2B9E97F224C6FBDA00ED7A68 /* Main.storyboard */ = {
			isa = PBXVariantGroup;
			children = (
				2B9E97F324C6FBDA00ED7A68 /* Base */,
			);
			name = Main.storyboard;
			sourceTree = "<group>";
		};
		2B9E97F724C6FBDA00ED7A68 /* LaunchScreen.storyboard */ = {
			isa = PBXVariantGroup;
			children = (
				2B9E97F824C6FBDA00ED7A68 /* Base */,
			);
			name = LaunchScreen.storyboard;
			sourceTree = "<group>";
		};
/* End PBXVariantGroup section */

/* Begin XCBuildConfiguration section */
		2B9E97FB24C6FBDA00ED7A68 /* Debug */ = {
			isa = XCBuildConfiguration;
			buildSettings = {
				ALWAYS_SEARCH_USER_PATHS = NO;
				CLANG_ANALYZER_NONNULL = YES;
				CLANG_ANALYZER_NUMBER_OBJECT_CONVERSION = YES_AGGRESSIVE;
				CLANG_CXX_LANGUAGE_STANDARD = "gnu++14";
				CLANG_CXX_LIBRARY = "libc++";
				CLANG_ENABLE_MODULES = YES;
				CLANG_ENABLE_OBJC_ARC = YES;
				CLANG_ENABLE_OBJC_WEAK = YES;
				CLANG_WARN_BLOCK_CAPTURE_AUTORELEASING = YES;
				CLANG_WARN_BOOL_CONVERSION = YES;
				CLANG_WARN_COMMA = YES;
				CLANG_WARN_CONSTANT_CONVERSION = YES;
				CLANG_WARN_DEPRECATED_OBJC_IMPLEMENTATIONS = YES;
				CLANG_WARN_DIRECT_OBJC_ISA_USAGE = YES_ERROR;
				CLANG_WARN_DOCUMENTATION_COMMENTS = YES;
				CLANG_WARN_EMPTY_BODY = YES;
				CLANG_WARN_ENUM_CONVERSION = YES;
				CLANG_WARN_INFINITE_RECURSION = YES;
				CLANG_WARN_INT_CONVERSION = YES;
				CLANG_WARN_NON_LITERAL_NULL_CONVERSION = YES;
				CLANG_WARN_OBJC_IMPLICIT_RETAIN_SELF = YES;
				CLANG_WARN_OBJC_LITERAL_CONVERSION = YES;
				CLANG_WARN_OBJC_ROOT_CLASS = YES_ERROR;
				CLANG_WARN_RANGE_LOOP_ANALYSIS = YES;
				CLANG_WARN_STRICT_PROTOTYPES = YES;
				CLANG_WARN_SUSPICIOUS_MOVE = YES;
				CLANG_WARN_UNGUARDED_AVAILABILITY = YES_AGGRESSIVE;
				CLANG_WARN_UNREACHABLE_CODE = YES;
				CLANG_WARN__DUPLICATE_METHOD_MATCH = YES;
				COPY_PHASE_STRIP = NO;
				DEBUG_INFORMATION_FORMAT = dwarf;
				ENABLE_STRICT_OBJC_MSGSEND = YES;
				ENABLE_TESTABILITY = YES;
				GCC_C_LANGUAGE_STANDARD = gnu11;
				GCC_DYNAMIC_NO_PIC = NO;
				GCC_NO_COMMON_BLOCKS = YES;
				GCC_OPTIMIZATION_LEVEL = 0;
				GCC_PREPROCESSOR_DEFINITIONS = (
					"DEBUG=1",
					"$(inherited)",
				);
				GCC_WARN_64_TO_32_BIT_CONVERSION = YES;
				GCC_WARN_ABOUT_RETURN_TYPE = YES_ERROR;
				GCC_WARN_UNDECLARED_SELECTOR = YES;
				GCC_WARN_UNINITIALIZED_AUTOS = YES_AGGRESSIVE;
				GCC_WARN_UNUSED_FUNCTION = YES;
				GCC_WARN_UNUSED_VARIABLE = YES;
				IPHONEOS_DEPLOYMENT_TARGET = 13.5;
				MTL_ENABLE_DEBUG_INFO = INCLUDE_SOURCE;
				MTL_FAST_MATH = YES;
				ONLY_ACTIVE_ARCH = YES;
				SDKROOT = iphoneos;
				SWIFT_ACTIVE_COMPILATION_CONDITIONS = DEBUG;
				SWIFT_OPTIMIZATION_LEVEL = "-Onone";
			};
			name = Debug;
		};
		2B9E97FC24C6FBDA00ED7A68 /* Release */ = {
			isa = XCBuildConfiguration;
			buildSettings = {
				ALWAYS_SEARCH_USER_PATHS = NO;
				CLANG_ANALYZER_NONNULL = YES;
				CLANG_ANALYZER_NUMBER_OBJECT_CONVERSION = YES_AGGRESSIVE;
				CLANG_CXX_LANGUAGE_STANDARD = "gnu++14";
				CLANG_CXX_LIBRARY = "libc++";
				CLANG_ENABLE_MODULES = YES;
				CLANG_ENABLE_OBJC_ARC = YES;
				CLANG_ENABLE_OBJC_WEAK = YES;
				CLANG_WARN_BLOCK_CAPTURE_AUTORELEASING = YES;
				CLANG_WARN_BOOL_CONVERSION = YES;
				CLANG_WARN_COMMA = YES;
				CLANG_WARN_CONSTANT_CONVERSION = YES;
				CLANG_WARN_DEPRECATED_OBJC_IMPLEMENTATIONS = YES;
				CLANG_WARN_DIRECT_OBJC_ISA_USAGE = YES_ERROR;
				CLANG_WARN_DOCUMENTATION_COMMENTS = YES;
				CLANG_WARN_EMPTY_BODY = YES;
				CLANG_WARN_ENUM_CONVERSION = YES;
				CLANG_WARN_INFINITE_RECURSION = YES;
				CLANG_WARN_INT_CONVERSION = YES;
				CLANG_WARN_NON_LITERAL_NULL_CONVERSION = YES;
				CLANG_WARN_OBJC_IMPLICIT_RETAIN_SELF = YES;
				CLANG_WARN_OBJC_LITERAL_CONVERSION = YES;
				CLANG_WARN_OBJC_ROOT_CLASS = YES_ERROR;
				CLANG_WARN_RANGE_LOOP_ANALYSIS = YES;
				CLANG_WARN_STRICT_PROTOTYPES = YES;
				CLANG_WARN_SUSPICIOUS_MOVE = YES;
				CLANG_WARN_UNGUARDED_AVAILABILITY = YES_AGGRESSIVE;
				CLANG_WARN_UNREACHABLE_CODE = YES;
				CLANG_WARN__DUPLICATE_METHOD_MATCH = YES;
				COPY_PHASE_STRIP = NO;
				DEBUG_INFORMATION_FORMAT = "dwarf-with-dsym";
				ENABLE_NS_ASSERTIONS = NO;
				ENABLE_STRICT_OBJC_MSGSEND = YES;
				GCC_C_LANGUAGE_STANDARD = gnu11;
				GCC_NO_COMMON_BLOCKS = YES;
				GCC_WARN_64_TO_32_BIT_CONVERSION = YES;
				GCC_WARN_ABOUT_RETURN_TYPE = YES_ERROR;
				GCC_WARN_UNDECLARED_SELECTOR = YES;
				GCC_WARN_UNINITIALIZED_AUTOS = YES_AGGRESSIVE;
				GCC_WARN_UNUSED_FUNCTION = YES;
				GCC_WARN_UNUSED_VARIABLE = YES;
				IPHONEOS_DEPLOYMENT_TARGET = 13.5;
				MTL_ENABLE_DEBUG_INFO = NO;
				MTL_FAST_MATH = YES;
				SDKROOT = iphoneos;
				SWIFT_COMPILATION_MODE = wholemodule;
				SWIFT_OPTIMIZATION_LEVEL = "-O";
				VALIDATE_PRODUCT = YES;
			};
			name = Release;
		};
		2B9E97FE24C6FBDA00ED7A68 /* Debug */ = {
			isa = XCBuildConfiguration;
			baseConfigurationReference = CC58E61424C686AE36153FB4 /* Pods-xDating.debug.xcconfig */;
			buildSettings = {
				ASSETCATALOG_COMPILER_APPICON_NAME = AppIcon;
				CODE_SIGN_STYLE = Automatic;
				DEVELOPMENT_TEAM = XRH7TE676E;
				INFOPLIST_FILE = xDating/Info.plist;
				LD_RUNPATH_SEARCH_PATHS = (
					"$(inherited)",
					"@executable_path/Frameworks",
				);
				PRODUCT_BUNDLE_IDENTIFIER = com.bak.dating.xDating;
				PRODUCT_NAME = XD;
				SWIFT_VERSION = 5.0;
				TARGETED_DEVICE_FAMILY = "1,2";
			};
			name = Debug;
		};
		2B9E97FF24C6FBDA00ED7A68 /* Release */ = {
			isa = XCBuildConfiguration;
			baseConfigurationReference = 49D3EDEC7FB61351C0C15913 /* Pods-xDating.release.xcconfig */;
			buildSettings = {
				ASSETCATALOG_COMPILER_APPICON_NAME = AppIcon;
				CODE_SIGN_STYLE = Automatic;
				DEVELOPMENT_TEAM = XRH7TE676E;
				INFOPLIST_FILE = xDating/Info.plist;
				LD_RUNPATH_SEARCH_PATHS = (
					"$(inherited)",
					"@executable_path/Frameworks",
				);
				PRODUCT_BUNDLE_IDENTIFIER = com.bak.dating.xDating;
				PRODUCT_NAME = XD;
				SWIFT_VERSION = 5.0;
				TARGETED_DEVICE_FAMILY = "1,2";
			};
			name = Release;
		};
/* End XCBuildConfiguration section */

/* Begin XCConfigurationList section */
		2B9E97E424C6FBDA00ED7A68 /* Build configuration list for PBXProject "xDating" */ = {
			isa = XCConfigurationList;
			buildConfigurations = (
				2B9E97FB24C6FBDA00ED7A68 /* Debug */,
				2B9E97FC24C6FBDA00ED7A68 /* Release */,
			);
			defaultConfigurationIsVisible = 0;
			defaultConfigurationName = Release;
		};
		2B9E97FD24C6FBDA00ED7A68 /* Build configuration list for PBXNativeTarget "xDating" */ = {
			isa = XCConfigurationList;
			buildConfigurations = (
				2B9E97FE24C6FBDA00ED7A68 /* Debug */,
				2B9E97FF24C6FBDA00ED7A68 /* Release */,
			);
			defaultConfigurationIsVisible = 0;
			defaultConfigurationName = Release;
		};
/* End XCConfigurationList section */
	};
	rootObject = 2B9E97E124C6FBDA00ED7A68 /* Project object */;
}
