// !$*UTF8*$!
{
	archiveVersion = 1;
	classes = {
	};
	objectVersion = 51;
	objects = {

/* Begin PBXBuildFile section */
		2B2FD80724C8D99E0042BF6D /* LoginViewController.swift in Sources */ = {isa = PBXBuildFile; fileRef = 2B2FD80524C8D99E0042BF6D /* LoginViewController.swift */; };
		2B2FD80824C8D99E0042BF6D /* LoginViewController.xib in Resources */ = {isa = PBXBuildFile; fileRef = 2B2FD80624C8D99E0042BF6D /* LoginViewController.xib */; };
		2B2FD80B24DEABB40042BF6D /* MainScreenCollectionViewCell.swift in Sources */ = {isa = PBXBuildFile; fileRef = 2B2FD80924DEABB40042BF6D /* MainScreenCollectionViewCell.swift */; };
		2B2FD80C24DEABB40042BF6D /* MainScreenCollectionViewCell.xib in Resources */ = {isa = PBXBuildFile; fileRef = 2B2FD80A24DEABB40042BF6D /* MainScreenCollectionViewCell.xib */; };
		2B3A35D524DF1A630014FF4B /* TimeAgo.swift in Sources */ = {isa = PBXBuildFile; fileRef = 2B3A35D424DF1A630014FF4B /* TimeAgo.swift */; };
		2B3A35D924E042150014FF4B /* UserProfileViewController.swift in Sources */ = {isa = PBXBuildFile; fileRef = 2B3A35D724E042150014FF4B /* UserProfileViewController.swift */; };
		2B3A35DA24E042150014FF4B /* UserProfileViewController.xib in Resources */ = {isa = PBXBuildFile; fileRef = 2B3A35D824E042150014FF4B /* UserProfileViewController.xib */; };
		2B76135B24E96A5400063465 /* FeedCellNode.swift in Sources */ = {isa = PBXBuildFile; fileRef = 2B76135A24E96A5400063465 /* FeedCellNode.swift */; };
		2B76135F24EA688500063465 /* ImageCellNode.swift in Sources */ = {isa = PBXBuildFile; fileRef = 2B76135E24EA688400063465 /* ImageCellNode.swift */; };
		2B9E97ED24C6FBDA00ED7A68 /* AppDelegate.swift in Sources */ = {isa = PBXBuildFile; fileRef = 2B9E97EC24C6FBDA00ED7A68 /* AppDelegate.swift */; };
		2B9E97F124C6FBDA00ED7A68 /* ViewController.swift in Sources */ = {isa = PBXBuildFile; fileRef = 2B9E97F024C6FBDA00ED7A68 /* ViewController.swift */; };
		2B9E97F424C6FBDA00ED7A68 /* Main.storyboard in Resources */ = {isa = PBXBuildFile; fileRef = 2B9E97F224C6FBDA00ED7A68 /* Main.storyboard */; };
		2B9E97F624C6FBDA00ED7A68 /* Assets.xcassets in Resources */ = {isa = PBXBuildFile; fileRef = 2B9E97F524C6FBDA00ED7A68 /* Assets.xcassets */; };
		2B9E97F924C6FBDA00ED7A68 /* LaunchScreen.storyboard in Resources */ = {isa = PBXBuildFile; fileRef = 2B9E97F724C6FBDA00ED7A68 /* LaunchScreen.storyboard */; };
		2B9E980324C6FC4C00ED7A68 /* SKActivityIndicatorView.swift in Sources */ = {isa = PBXBuildFile; fileRef = 2B9E980124C6FC4C00ED7A68 /* SKActivityIndicatorView.swift */; };
		2B9E980424C6FC4C00ED7A68 /* SKActivityIndicatorViewStyle.swift in Sources */ = {isa = PBXBuildFile; fileRef = 2B9E980224C6FC4C00ED7A68 /* SKActivityIndicatorViewStyle.swift */; };
		2B9E980824C6FC6300ED7A68 /* SignUpViewController.swift in Sources */ = {isa = PBXBuildFile; fileRef = 2B9E980624C6FC6300ED7A68 /* SignUpViewController.swift */; };
		2B9E980924C6FC6300ED7A68 /* SignUpViewController.xib in Resources */ = {isa = PBXBuildFile; fileRef = 2B9E980724C6FC6300ED7A68 /* SignUpViewController.xib */; };
		2B9E980E24C6FC7300ED7A68 /* ParseUtilities.swift in Sources */ = {isa = PBXBuildFile; fileRef = 2B9E980B24C6FC7200ED7A68 /* ParseUtilities.swift */; };
		2B9E980F24C6FC7300ED7A68 /* Utilities.swift in Sources */ = {isa = PBXBuildFile; fileRef = 2B9E980C24C6FC7200ED7A68 /* Utilities.swift */; };
		2B9E981024C6FC7300ED7A68 /* Extensions.swift in Sources */ = {isa = PBXBuildFile; fileRef = 2B9E980D24C6FC7200ED7A68 /* Extensions.swift */; };
		2B9E981C24C70D4A00ED7A68 /* MainAppViewController.swift in Sources */ = {isa = PBXBuildFile; fileRef = 2B9E981B24C70D4A00ED7A68 /* MainAppViewController.swift */; };
		2B9E982A24C7614100ED7A68 /* SignUpSecondViewController.swift in Sources */ = {isa = PBXBuildFile; fileRef = 2B9E982824C7614100ED7A68 /* SignUpSecondViewController.swift */; };
		2B9E982B24C7614100ED7A68 /* SignUpSecondViewController.xib in Resources */ = {isa = PBXBuildFile; fileRef = 2B9E982924C7614100ED7A68 /* SignUpSecondViewController.xib */; };
		2BAA937624E936540022338A /* MosaicCollectionViewLayout.swift in Sources */ = {isa = PBXBuildFile; fileRef = 2BAA937424E936540022338A /* MosaicCollectionViewLayout.swift */; };
		2BE1896024C8AF8800CFFA7A /* MyProfileViewController.swift in Sources */ = {isa = PBXBuildFile; fileRef = 2BE1895F24C8AF8800CFFA7A /* MyProfileViewController.swift */; };
		2BE1896424C8B1BD00CFFA7A /* MyProfileGalleryCollectionViewCell.swift in Sources */ = {isa = PBXBuildFile; fileRef = 2BE1896224C8B1BD00CFFA7A /* MyProfileGalleryCollectionViewCell.swift */; };
		2BE1896524C8B1BD00CFFA7A /* MyProfileGalleryCollectionViewCell.xib in Resources */ = {isa = PBXBuildFile; fileRef = 2BE1896324C8B1BD00CFFA7A /* MyProfileGalleryCollectionViewCell.xib */; };
		2BE1896724C8B32700CFFA7A /* UserPhotoObject.swift in Sources */ = {isa = PBXBuildFile; fileRef = 2BE1896624C8B32700CFFA7A /* UserPhotoObject.swift */; };
		2BE1896924C8C7AC00CFFA7A /* PlayerView.swift in Sources */ = {isa = PBXBuildFile; fileRef = 2BE1896824C8C7AC00CFFA7A /* PlayerView.swift */; };
		35CA011340B7D950655B14C9 /* Pods_xDating.framework in Frameworks */ = {isa = PBXBuildFile; fileRef = E70DFBCD6D8972180E9707D7 /* Pods_xDating.framework */; };
/* End PBXBuildFile section */

/* Begin PBXFileReference section */
		2B2FD80524C8D99E0042BF6D /* LoginViewController.swift */ = {isa = PBXFileReference; lastKnownFileType = sourcecode.swift; path = LoginViewController.swift; sourceTree = "<group>"; };
		2B2FD80624C8D99E0042BF6D /* LoginViewController.xib */ = {isa = PBXFileReference; lastKnownFileType = file.xib; path = LoginViewController.xib; sourceTree = "<group>"; };
		2B2FD80924DEABB40042BF6D /* MainScreenCollectionViewCell.swift */ = {isa = PBXFileReference; lastKnownFileType = sourcecode.swift; path = MainScreenCollectionViewCell.swift; sourceTree = "<group>"; };
		2B2FD80A24DEABB40042BF6D /* MainScreenCollectionViewCell.xib */ = {isa = PBXFileReference; lastKnownFileType = file.xib; path = MainScreenCollectionViewCell.xib; sourceTree = "<group>"; };
		2B3A35D424DF1A630014FF4B /* TimeAgo.swift */ = {isa = PBXFileReference; lastKnownFileType = sourcecode.swift; path = TimeAgo.swift; sourceTree = "<group>"; };
		2B3A35D724E042150014FF4B /* UserProfileViewController.swift */ = {isa = PBXFileReference; lastKnownFileType = sourcecode.swift; path = UserProfileViewController.swift; sourceTree = "<group>"; };
		2B3A35D824E042150014FF4B /* UserProfileViewController.xib */ = {isa = PBXFileReference; lastKnownFileType = file.xib; path = UserProfileViewController.xib; sourceTree = "<group>"; };
		2B76135A24E96A5400063465 /* FeedCellNode.swift */ = {isa = PBXFileReference; lastKnownFileType = sourcecode.swift; path = FeedCellNode.swift; sourceTree = "<group>"; };
		2B76135E24EA688400063465 /* ImageCellNode.swift */ = {isa = PBXFileReference; fileEncoding = 4; lastKnownFileType = sourcecode.swift; path = ImageCellNode.swift; sourceTree = "<group>"; };
		2B9E97E924C6FBDA00ED7A68 /* XD.app */ = {isa = PBXFileReference; explicitFileType = wrapper.application; includeInIndex = 0; path = XD.app; sourceTree = BUILT_PRODUCTS_DIR; };
		2B9E97EC24C6FBDA00ED7A68 /* AppDelegate.swift */ = {isa = PBXFileReference; lastKnownFileType = sourcecode.swift; path = AppDelegate.swift; sourceTree = "<group>"; };
		2B9E97F024C6FBDA00ED7A68 /* ViewController.swift */ = {isa = PBXFileReference; lastKnownFileType = sourcecode.swift; path = ViewController.swift; sourceTree = "<group>"; };
		2B9E97F324C6FBDA00ED7A68 /* Base */ = {isa = PBXFileReference; lastKnownFileType = file.storyboard; name = Base; path = Base.lproj/Main.storyboard; sourceTree = "<group>"; };
		2B9E97F524C6FBDA00ED7A68 /* Assets.xcassets */ = {isa = PBXFileReference; lastKnownFileType = folder.assetcatalog; path = Assets.xcassets; sourceTree = "<group>"; };
		2B9E97F824C6FBDA00ED7A68 /* Base */ = {isa = PBXFileReference; lastKnownFileType = file.storyboard; name = Base; path = Base.lproj/LaunchScreen.storyboard; sourceTree = "<group>"; };
		2B9E97FA24C6FBDA00ED7A68 /* Info.plist */ = {isa = PBXFileReference; lastKnownFileType = text.plist.xml; path = Info.plist; sourceTree = "<group>"; };
		2B9E980124C6FC4C00ED7A68 /* SKActivityIndicatorView.swift */ = {isa = PBXFileReference; fileEncoding = 4; lastKnownFileType = sourcecode.swift; path = SKActivityIndicatorView.swift; sourceTree = "<group>"; };
		2B9E980224C6FC4C00ED7A68 /* SKActivityIndicatorViewStyle.swift */ = {isa = PBXFileReference; fileEncoding = 4; lastKnownFileType = sourcecode.swift; path = SKActivityIndicatorViewStyle.swift; sourceTree = "<group>"; };
		2B9E980624C6FC6300ED7A68 /* SignUpViewController.swift */ = {isa = PBXFileReference; fileEncoding = 4; lastKnownFileType = sourcecode.swift; path = SignUpViewController.swift; sourceTree = "<group>"; };
		2B9E980724C6FC6300ED7A68 /* SignUpViewController.xib */ = {isa = PBXFileReference; fileEncoding = 4; lastKnownFileType = file.xib; path = SignUpViewController.xib; sourceTree = "<group>"; };
		2B9E980B24C6FC7200ED7A68 /* ParseUtilities.swift */ = {isa = PBXFileReference; fileEncoding = 4; lastKnownFileType = sourcecode.swift; path = ParseUtilities.swift; sourceTree = "<group>"; };
		2B9E980C24C6FC7200ED7A68 /* Utilities.swift */ = {isa = PBXFileReference; fileEncoding = 4; lastKnownFileType = sourcecode.swift; path = Utilities.swift; sourceTree = "<group>"; };
		2B9E980D24C6FC7200ED7A68 /* Extensions.swift */ = {isa = PBXFileReference; fileEncoding = 4; lastKnownFileType = sourcecode.swift; path = Extensions.swift; sourceTree = "<group>"; };
		2B9E981B24C70D4A00ED7A68 /* MainAppViewController.swift */ = {isa = PBXFileReference; lastKnownFileType = sourcecode.swift; path = MainAppViewController.swift; sourceTree = "<group>"; };
		2B9E982824C7614100ED7A68 /* SignUpSecondViewController.swift */ = {isa = PBXFileReference; lastKnownFileType = sourcecode.swift; path = SignUpSecondViewController.swift; sourceTree = "<group>"; };
		2B9E982924C7614100ED7A68 /* SignUpSecondViewController.xib */ = {isa = PBXFileReference; lastKnownFileType = file.xib; path = SignUpSecondViewController.xib; sourceTree = "<group>"; };
		2BAA937424E936540022338A /* MosaicCollectionViewLayout.swift */ = {isa = PBXFileReference; fileEncoding = 4; lastKnownFileType = sourcecode.swift; path = MosaicCollectionViewLayout.swift; sourceTree = "<group>"; };
		2BE1895F24C8AF8800CFFA7A /* MyProfileViewController.swift */ = {isa = PBXFileReference; lastKnownFileType = sourcecode.swift; path = MyProfileViewController.swift; sourceTree = "<group>"; };
		2BE1896224C8B1BD00CFFA7A /* MyProfileGalleryCollectionViewCell.swift */ = {isa = PBXFileReference; lastKnownFileType = sourcecode.swift; path = MyProfileGalleryCollectionViewCell.swift; sourceTree = "<group>"; };
		2BE1896324C8B1BD00CFFA7A /* MyProfileGalleryCollectionViewCell.xib */ = {isa = PBXFileReference; lastKnownFileType = file.xib; path = MyProfileGalleryCollectionViewCell.xib; sourceTree = "<group>"; };
		2BE1896624C8B32700CFFA7A /* UserPhotoObject.swift */ = {isa = PBXFileReference; lastKnownFileType = sourcecode.swift; path = UserPhotoObject.swift; sourceTree = "<group>"; };
		2BE1896824C8C7AC00CFFA7A /* PlayerView.swift */ = {isa = PBXFileReference; lastKnownFileType = sourcecode.swift; path = PlayerView.swift; sourceTree = "<group>"; };
		49D3EDEC7FB61351C0C15913 /* Pods-xDating.release.xcconfig */ = {isa = PBXFileReference; includeInIndex = 1; lastKnownFileType = text.xcconfig; name = "Pods-xDating.release.xcconfig"; path = "Target Support Files/Pods-xDating/Pods-xDating.release.xcconfig"; sourceTree = "<group>"; };
		CC58E61424C686AE36153FB4 /* Pods-xDating.debug.xcconfig */ = {isa = PBXFileReference; includeInIndex = 1; lastKnownFileType = text.xcconfig; name = "Pods-xDating.debug.xcconfig"; path = "Target Support Files/Pods-xDating/Pods-xDating.debug.xcconfig"; sourceTree = "<group>"; };
		E70DFBCD6D8972180E9707D7 /* Pods_xDating.framework */ = {isa = PBXFileReference; explicitFileType = wrapper.framework; includeInIndex = 0; path = Pods_xDating.framework; sourceTree = BUILT_PRODUCTS_DIR; };
/* End PBXFileReference section */

/* Begin PBXFrameworksBuildPhase section */
		2B9E97E624C6FBDA00ED7A68 /* Frameworks */ = {
			isa = PBXFrameworksBuildPhase;
			buildActionMask = 2147483647;
			files = (
				35CA011340B7D950655B14C9 /* Pods_xDating.framework in Frameworks */,
			);
			runOnlyForDeploymentPostprocessing = 0;
		};
/* End PBXFrameworksBuildPhase section */

/* Begin PBXGroup section */
		1E3FC70EAB3BA3C1B7A1E8CA /* Frameworks */ = {
			isa = PBXGroup;
			children = (
				E70DFBCD6D8972180E9707D7 /* Pods_xDating.framework */,
			);
			name = Frameworks;
			sourceTree = "<group>";
		};
		2B3A35D624E041E80014FF4B /* UserProfileView */ = {
			isa = PBXGroup;
			children = (
				2B3A35D724E042150014FF4B /* UserProfileViewController.swift */,
				2B3A35D824E042150014FF4B /* UserProfileViewController.xib */,
			);
			path = UserProfileView;
			sourceTree = "<group>";
		};
		2B9E97E024C6FBDA00ED7A68 = {
			isa = PBXGroup;
			children = (
				2B9E97EB24C6FBDA00ED7A68 /* xDating */,
				2B9E97EA24C6FBDA00ED7A68 /* Products */,
				F09929E8D5EC57A135B87C0E /* Pods */,
				1E3FC70EAB3BA3C1B7A1E8CA /* Frameworks */,
			);
			sourceTree = "<group>";
		};
		2B9E97EA24C6FBDA00ED7A68 /* Products */ = {
			isa = PBXGroup;
			children = (
				2B9E97E924C6FBDA00ED7A68 /* XD.app */,
			);
			name = Products;
			sourceTree = "<group>";
		};
		2B9E97EB24C6FBDA00ED7A68 /* xDating */ = {
			isa = PBXGroup;
			children = (
				2B9E980024C6FC4500ED7A68 /* Classes */,
				2B9E980A24C6FC6C00ED7A68 /* Utilities */,
				2B9E980524C6FC5B00ED7A68 /* SignUpLogin */,
				2B9E981124C7056900ED7A68 /* MainAppScreen */,
				2B9E97EC24C6FBDA00ED7A68 /* AppDelegate.swift */,
				2B9E97F024C6FBDA00ED7A68 /* ViewController.swift */,
				2B9E97F224C6FBDA00ED7A68 /* Main.storyboard */,
				2B9E97F524C6FBDA00ED7A68 /* Assets.xcassets */,
				2B9E97F724C6FBDA00ED7A68 /* LaunchScreen.storyboard */,
				2B9E97FA24C6FBDA00ED7A68 /* Info.plist */,
			);
			path = xDating;
			sourceTree = "<group>";
		};
		2B9E980024C6FC4500ED7A68 /* Classes */ = {
			isa = PBXGroup;
			children = (
				2BE1896824C8C7AC00CFFA7A /* PlayerView.swift */,
				2B9E980124C6FC4C00ED7A68 /* SKActivityIndicatorView.swift */,
				2B9E980224C6FC4C00ED7A68 /* SKActivityIndicatorViewStyle.swift */,
				2B3A35D424DF1A630014FF4B /* TimeAgo.swift */,
			);
			path = Classes;
			sourceTree = "<group>";
		};
		2B9E980524C6FC5B00ED7A68 /* SignUpLogin */ = {
			isa = PBXGroup;
			children = (
				2B9E980624C6FC6300ED7A68 /* SignUpViewController.swift */,
				2B9E980724C6FC6300ED7A68 /* SignUpViewController.xib */,
				2B9E982824C7614100ED7A68 /* SignUpSecondViewController.swift */,
				2B9E982924C7614100ED7A68 /* SignUpSecondViewController.xib */,
				2B2FD80524C8D99E0042BF6D /* LoginViewController.swift */,
				2B2FD80624C8D99E0042BF6D /* LoginViewController.xib */,
			);
			path = SignUpLogin;
			sourceTree = "<group>";
		};
		2B9E980A24C6FC6C00ED7A68 /* Utilities */ = {
			isa = PBXGroup;
			children = (
				2B9E980D24C6FC7200ED7A68 /* Extensions.swift */,
				2B9E980B24C6FC7200ED7A68 /* ParseUtilities.swift */,
				2B9E980C24C6FC7200ED7A68 /* Utilities.swift */,
			);
			path = Utilities;
			sourceTree = "<group>";
		};
		2B9E981124C7056900ED7A68 /* MainAppScreen */ = {
			isa = PBXGroup;
			children = (
				2B3A35D624E041E80014FF4B /* UserProfileView */,
				2BAA937B24E939260022338A /* MyProfile */,
				2BE1896124C8B19E00CFFA7A /* Cells */,
				2BAA937224E9363E0022338A /* Feed */,
			);
			path = MainAppScreen;
			sourceTree = "<group>";
		};
		2BAA937224E9363E0022338A /* Feed */ = {
			isa = PBXGroup;
			children = (
				2B76135E24EA688400063465 /* ImageCellNode.swift */,
				2BE1896624C8B32700CFFA7A /* UserPhotoObject.swift */,
				2B9E981B24C70D4A00ED7A68 /* MainAppViewController.swift */,
				2BAA937424E936540022338A /* MosaicCollectionViewLayout.swift */,
				2B76135A24E96A5400063465 /* FeedCellNode.swift */,
			);
			path = Feed;
			sourceTree = "<group>";
		};
		2BAA937B24E939260022338A /* MyProfile */ = {
			isa = PBXGroup;
			children = (
				2BE1895F24C8AF8800CFFA7A /* MyProfileViewController.swift */,
			);
			path = MyProfile;
			sourceTree = "<group>";
		};
		2BE1896124C8B19E00CFFA7A /* Cells */ = {
			isa = PBXGroup;
			children = (
				2BE1896224C8B1BD00CFFA7A /* MyProfileGalleryCollectionViewCell.swift */,
				2BE1896324C8B1BD00CFFA7A /* MyProfileGalleryCollectionViewCell.xib */,
				2B2FD80924DEABB40042BF6D /* MainScreenCollectionViewCell.swift */,
				2B2FD80A24DEABB40042BF6D /* MainScreenCollectionViewCell.xib */,
			);
			path = Cells;
			sourceTree = "<group>";
		};
		F09929E8D5EC57A135B87C0E /* Pods */ = {
			isa = PBXGroup;
			children = (
				CC58E61424C686AE36153FB4 /* Pods-xDating.debug.xcconfig */,
				49D3EDEC7FB61351C0C15913 /* Pods-xDating.release.xcconfig */,
			);
			path = Pods;
			sourceTree = "<group>";
		};
/* End PBXGroup section */

/* Begin PBXNativeTarget section */
		2B9E97E824C6FBDA00ED7A68 /* xDating */ = {
			isa = PBXNativeTarget;
			buildConfigurationList = 2B9E97FD24C6FBDA00ED7A68 /* Build configuration list for PBXNativeTarget "xDating" */;
			buildPhases = (
				39E7526CCAAD3D4E28BB23FF /* [CP] Check Pods Manifest.lock */,
				2B9E97E524C6FBDA00ED7A68 /* Sources */,
				2B9E97E624C6FBDA00ED7A68 /* Frameworks */,
				2B9E97E724C6FBDA00ED7A68 /* Resources */,
				5EBFF4C1BBB99C3093CB2012 /* [CP] Embed Pods Frameworks */,
			);
			buildRules = (
			);
			dependencies = (
			);
			name = xDating;
			productName = xDating;
			productReference = 2B9E97E924C6FBDA00ED7A68 /* XD.app */;
			productType = "com.apple.product-type.application";
		};
/* End PBXNativeTarget section */

/* Begin PBXProject section */
		2B9E97E124C6FBDA00ED7A68 /* Project object */ = {
			isa = PBXProject;
			attributes = {
				LastSwiftUpdateCheck = 1150;
				LastUpgradeCheck = 1150;
				ORGANIZATIONNAME = "Alpaslan Bak";
				TargetAttributes = {
					2B9E97E824C6FBDA00ED7A68 = {
						CreatedOnToolsVersion = 11.5;
					};
				};
			};
			buildConfigurationList = 2B9E97E424C6FBDA00ED7A68 /* Build configuration list for PBXProject "xDating" */;
			compatibilityVersion = "Xcode 9.3";
			developmentRegion = en;
			hasScannedForEncodings = 0;
			knownRegions = (
				en,
				Base,
			);
			mainGroup = 2B9E97E024C6FBDA00ED7A68;
			productRefGroup = 2B9E97EA24C6FBDA00ED7A68 /* Products */;
			projectDirPath = "";
			projectRoot = "";
			targets = (
				2B9E97E824C6FBDA00ED7A68 /* xDating */,
			);
		};
/* End PBXProject section */

/* Begin PBXResourcesBuildPhase section */
		2B9E97E724C6FBDA00ED7A68 /* Resources */ = {
			isa = PBXResourcesBuildPhase;
			buildActionMask = 2147483647;
			files = (
				2B9E97F924C6FBDA00ED7A68 /* LaunchScreen.storyboard in Resources */,
				2B9E97F624C6FBDA00ED7A68 /* Assets.xcassets in Resources */,
				2B2FD80C24DEABB40042BF6D /* MainScreenCollectionViewCell.xib in Resources */,
				2B9E980924C6FC6300ED7A68 /* SignUpViewController.xib in Resources */,
				2BE1896524C8B1BD00CFFA7A /* MyProfileGalleryCollectionViewCell.xib in Resources */,
				2B9E97F424C6FBDA00ED7A68 /* Main.storyboard in Resources */,
				2B3A35DA24E042150014FF4B /* UserProfileViewController.xib in Resources */,
				2B2FD80824C8D99E0042BF6D /* LoginViewController.xib in Resources */,
				2B9E982B24C7614100ED7A68 /* SignUpSecondViewController.xib in Resources */,
			);
			runOnlyForDeploymentPostprocessing = 0;
		};
/* End PBXResourcesBuildPhase section */

/* Begin PBXShellScriptBuildPhase section */
		39E7526CCAAD3D4E28BB23FF /* [CP] Check Pods Manifest.lock */ = {
			isa = PBXShellScriptBuildPhase;
			buildActionMask = 2147483647;
			files = (
			);
			inputFileListPaths = (
			);
			inputPaths = (
				"${PODS_PODFILE_DIR_PATH}/Podfile.lock",
				"${PODS_ROOT}/Manifest.lock",
			);
			name = "[CP] Check Pods Manifest.lock";
			outputFileListPaths = (
			);
			outputPaths = (
				"$(DERIVED_FILE_DIR)/Pods-xDating-checkManifestLockResult.txt",
			);
			runOnlyForDeploymentPostprocessing = 0;
			shellPath = /bin/sh;
			shellScript = "diff \"${PODS_PODFILE_DIR_PATH}/Podfile.lock\" \"${PODS_ROOT}/Manifest.lock\" > /dev/null\nif [ $? != 0 ] ; then\n    # print error to STDERR\n    echo \"error: The sandbox is not in sync with the Podfile.lock. Run 'pod install' or update your CocoaPods installation.\" >&2\n    exit 1\nfi\n# This output is used by Xcode 'outputs' to avoid re-running this script phase.\necho \"SUCCESS\" > \"${SCRIPT_OUTPUT_FILE_0}\"\n";
			showEnvVarsInLog = 0;
		};
		5EBFF4C1BBB99C3093CB2012 /* [CP] Embed Pods Frameworks */ = {
			isa = PBXShellScriptBuildPhase;
			buildActionMask = 2147483647;
			files = (
			);
			inputFileListPaths = (
				"${PODS_ROOT}/Target Support Files/Pods-xDating/Pods-xDating-frameworks-${CONFIGURATION}-input-files.xcfilelist",
			);
			name = "[CP] Embed Pods Frameworks";
			outputFileListPaths = (
				"${PODS_ROOT}/Target Support Files/Pods-xDating/Pods-xDating-frameworks-${CONFIGURATION}-output-files.xcfilelist",
			);
			runOnlyForDeploymentPostprocessing = 0;
			shellPath = /bin/sh;
			shellScript = "\"${PODS_ROOT}/Target Support Files/Pods-xDating/Pods-xDating-frameworks.sh\"\n";
			showEnvVarsInLog = 0;
		};
/* End PBXShellScriptBuildPhase section */

/* Begin PBXSourcesBuildPhase section */
		2B9E97E524C6FBDA00ED7A68 /* Sources */ = {
			isa = PBXSourcesBuildPhase;
			buildActionMask = 2147483647;
			files = (
				2BAA937624E936540022338A /* MosaicCollectionViewLayout.swift in Sources */,
				2B9E980824C6FC6300ED7A68 /* SignUpViewController.swift in Sources */,
				2B9E981C24C70D4A00ED7A68 /* MainAppViewController.swift in Sources */,
				2B9E981024C6FC7300ED7A68 /* Extensions.swift in Sources */,
				2B2FD80724C8D99E0042BF6D /* LoginViewController.swift in Sources */,
				2B9E980424C6FC4C00ED7A68 /* SKActivityIndicatorViewStyle.swift in Sources */,
				2BE1896024C8AF8800CFFA7A /* MyProfileViewController.swift in Sources */,
				2BE1896424C8B1BD00CFFA7A /* MyProfileGalleryCollectionViewCell.swift in Sources */,
				2B3A35D924E042150014FF4B /* UserProfileViewController.swift in Sources */,
				2B9E982A24C7614100ED7A68 /* SignUpSecondViewController.swift in Sources */,
				2B9E97F124C6FBDA00ED7A68 /* ViewController.swift in Sources */,
				2B9E97ED24C6FBDA00ED7A68 /* AppDelegate.swift in Sources */,
				2BE1896924C8C7AC00CFFA7A /* PlayerView.swift in Sources */,
				2B9E980E24C6FC7300ED7A68 /* ParseUtilities.swift in Sources */,
				2BE1896724C8B32700CFFA7A /* UserPhotoObject.swift in Sources */,
				2B2FD80B24DEABB40042BF6D /* MainScreenCollectionViewCell.swift in Sources */,
				2B9E980F24C6FC7300ED7A68 /* Utilities.swift in Sources */,
				2B9E980324C6FC4C00ED7A68 /* SKActivityIndicatorView.swift in Sources */,
				2B3A35D524DF1A630014FF4B /* TimeAgo.swift in Sources */,
				2B76135B24E96A5400063465 /* FeedCellNode.swift in Sources */,
				2B76135F24EA688500063465 /* ImageCellNode.swift in Sources */,
			);
			runOnlyForDeploymentPostprocessing = 0;
		};
/* End PBXSourcesBuildPhase section */

/* Begin PBXVariantGroup section */
		2B9E97F224C6FBDA00ED7A68 /* Main.storyboard */ = {
			isa = PBXVariantGroup;
			children = (
				2B9E97F324C6FBDA00ED7A68 /* Base */,
			);
			name = Main.storyboard;
			sourceTree = "<group>";
		};
		2B9E97F724C6FBDA00ED7A68 /* LaunchScreen.storyboard */ = {
			isa = PBXVariantGroup;
			children = (
				2B9E97F824C6FBDA00ED7A68 /* Base */,
			);
			name = LaunchScreen.storyboard;
			sourceTree = "<group>";
		};
/* End PBXVariantGroup section */

/* Begin XCBuildConfiguration section */
		2B9E97FB24C6FBDA00ED7A68 /* Debug */ = {
			isa = XCBuildConfiguration;
			buildSettings = {
				ALWAYS_SEARCH_USER_PATHS = NO;
				CLANG_ANALYZER_NONNULL = YES;
				CLANG_ANALYZER_NUMBER_OBJECT_CONVERSION = YES_AGGRESSIVE;
				CLANG_CXX_LANGUAGE_STANDARD = "gnu++14";
				CLANG_CXX_LIBRARY = "libc++";
				CLANG_ENABLE_MODULES = YES;
				CLANG_ENABLE_OBJC_ARC = YES;
				CLANG_ENABLE_OBJC_WEAK = YES;
				CLANG_WARN_BLOCK_CAPTURE_AUTORELEASING = YES;
				CLANG_WARN_BOOL_CONVERSION = YES;
				CLANG_WARN_COMMA = YES;
				CLANG_WARN_CONSTANT_CONVERSION = YES;
				CLANG_WARN_DEPRECATED_OBJC_IMPLEMENTATIONS = YES;
				CLANG_WARN_DIRECT_OBJC_ISA_USAGE = YES_ERROR;
				CLANG_WARN_DOCUMENTATION_COMMENTS = YES;
				CLANG_WARN_EMPTY_BODY = YES;
				CLANG_WARN_ENUM_CONVERSION = YES;
				CLANG_WARN_INFINITE_RECURSION = YES;
				CLANG_WARN_INT_CONVERSION = YES;
				CLANG_WARN_NON_LITERAL_NULL_CONVERSION = YES;
				CLANG_WARN_OBJC_IMPLICIT_RETAIN_SELF = YES;
				CLANG_WARN_OBJC_LITERAL_CONVERSION = YES;
				CLANG_WARN_OBJC_ROOT_CLASS = YES_ERROR;
				CLANG_WARN_RANGE_LOOP_ANALYSIS = YES;
				CLANG_WARN_STRICT_PROTOTYPES = YES;
				CLANG_WARN_SUSPICIOUS_MOVE = YES;
				CLANG_WARN_UNGUARDED_AVAILABILITY = YES_AGGRESSIVE;
				CLANG_WARN_UNREACHABLE_CODE = YES;
				CLANG_WARN__DUPLICATE_METHOD_MATCH = YES;
				COPY_PHASE_STRIP = NO;
				DEBUG_INFORMATION_FORMAT = dwarf;
				ENABLE_STRICT_OBJC_MSGSEND = YES;
				ENABLE_TESTABILITY = YES;
				GCC_C_LANGUAGE_STANDARD = gnu11;
				GCC_DYNAMIC_NO_PIC = NO;
				GCC_NO_COMMON_BLOCKS = YES;
				GCC_OPTIMIZATION_LEVEL = 0;
				GCC_PREPROCESSOR_DEFINITIONS = (
					"DEBUG=1",
					"$(inherited)",
				);
				GCC_WARN_64_TO_32_BIT_CONVERSION = YES;
				GCC_WARN_ABOUT_RETURN_TYPE = YES_ERROR;
				GCC_WARN_UNDECLARED_SELECTOR = YES;
				GCC_WARN_UNINITIALIZED_AUTOS = YES_AGGRESSIVE;
				GCC_WARN_UNUSED_FUNCTION = YES;
				GCC_WARN_UNUSED_VARIABLE = YES;
				IPHONEOS_DEPLOYMENT_TARGET = 13.5;
				MTL_ENABLE_DEBUG_INFO = INCLUDE_SOURCE;
				MTL_FAST_MATH = YES;
				ONLY_ACTIVE_ARCH = YES;
				SDKROOT = iphoneos;
				SWIFT_ACTIVE_COMPILATION_CONDITIONS = DEBUG;
				SWIFT_OPTIMIZATION_LEVEL = "-Onone";
			};
			name = Debug;
		};
		2B9E97FC24C6FBDA00ED7A68 /* Release */ = {
			isa = XCBuildConfiguration;
			buildSettings = {
				ALWAYS_SEARCH_USER_PATHS = NO;
				CLANG_ANALYZER_NONNULL = YES;
				CLANG_ANALYZER_NUMBER_OBJECT_CONVERSION = YES_AGGRESSIVE;
				CLANG_CXX_LANGUAGE_STANDARD = "gnu++14";
				CLANG_CXX_LIBRARY = "libc++";
				CLANG_ENABLE_MODULES = YES;
				CLANG_ENABLE_OBJC_ARC = YES;
				CLANG_ENABLE_OBJC_WEAK = YES;
				CLANG_WARN_BLOCK_CAPTURE_AUTORELEASING = YES;
				CLANG_WARN_BOOL_CONVERSION = YES;
				CLANG_WARN_COMMA = YES;
				CLANG_WARN_CONSTANT_CONVERSION = YES;
				CLANG_WARN_DEPRECATED_OBJC_IMPLEMENTATIONS = YES;
				CLANG_WARN_DIRECT_OBJC_ISA_USAGE = YES_ERROR;
				CLANG_WARN_DOCUMENTATION_COMMENTS = YES;
				CLANG_WARN_EMPTY_BODY = YES;
				CLANG_WARN_ENUM_CONVERSION = YES;
				CLANG_WARN_INFINITE_RECURSION = YES;
				CLANG_WARN_INT_CONVERSION = YES;
				CLANG_WARN_NON_LITERAL_NULL_CONVERSION = YES;
				CLANG_WARN_OBJC_IMPLICIT_RETAIN_SELF = YES;
				CLANG_WARN_OBJC_LITERAL_CONVERSION = YES;
				CLANG_WARN_OBJC_ROOT_CLASS = YES_ERROR;
				CLANG_WARN_RANGE_LOOP_ANALYSIS = YES;
				CLANG_WARN_STRICT_PROTOTYPES = YES;
				CLANG_WARN_SUSPICIOUS_MOVE = YES;
				CLANG_WARN_UNGUARDED_AVAILABILITY = YES_AGGRESSIVE;
				CLANG_WARN_UNREACHABLE_CODE = YES;
				CLANG_WARN__DUPLICATE_METHOD_MATCH = YES;
				COPY_PHASE_STRIP = NO;
				DEBUG_INFORMATION_FORMAT = "dwarf-with-dsym";
				ENABLE_NS_ASSERTIONS = NO;
				ENABLE_STRICT_OBJC_MSGSEND = YES;
				GCC_C_LANGUAGE_STANDARD = gnu11;
				GCC_NO_COMMON_BLOCKS = YES;
				GCC_WARN_64_TO_32_BIT_CONVERSION = YES;
				GCC_WARN_ABOUT_RETURN_TYPE = YES_ERROR;
				GCC_WARN_UNDECLARED_SELECTOR = YES;
				GCC_WARN_UNINITIALIZED_AUTOS = YES_AGGRESSIVE;
				GCC_WARN_UNUSED_FUNCTION = YES;
				GCC_WARN_UNUSED_VARIABLE = YES;
				IPHONEOS_DEPLOYMENT_TARGET = 13.5;
				MTL_ENABLE_DEBUG_INFO = NO;
				MTL_FAST_MATH = YES;
				SDKROOT = iphoneos;
				SWIFT_COMPILATION_MODE = wholemodule;
				SWIFT_OPTIMIZATION_LEVEL = "-O";
				VALIDATE_PRODUCT = YES;
			};
			name = Release;
		};
		2B9E97FE24C6FBDA00ED7A68 /* Debug */ = {
			isa = XCBuildConfiguration;
			baseConfigurationReference = CC58E61424C686AE36153FB4 /* Pods-xDating.debug.xcconfig */;
			buildSettings = {
				ASSETCATALOG_COMPILER_APPICON_NAME = AppIcon;
				CODE_SIGN_STYLE = Automatic;
				DEVELOPMENT_TEAM = XRH7TE676E;
				INFOPLIST_FILE = xDating/Info.plist;
				LD_RUNPATH_SEARCH_PATHS = (
					"$(inherited)",
					"@executable_path/Frameworks",
				);
				PRODUCT_BUNDLE_IDENTIFIER = com.bak.dating.xDating;
				PRODUCT_NAME = XD;
				SWIFT_VERSION = 5.0;
				TARGETED_DEVICE_FAMILY = "1,2";
			};
			name = Debug;
		};
		2B9E97FF24C6FBDA00ED7A68 /* Release */ = {
			isa = XCBuildConfiguration;
			baseConfigurationReference = 49D3EDEC7FB61351C0C15913 /* Pods-xDating.release.xcconfig */;
			buildSettings = {
				ASSETCATALOG_COMPILER_APPICON_NAME = AppIcon;
				CODE_SIGN_STYLE = Automatic;
				DEVELOPMENT_TEAM = XRH7TE676E;
				INFOPLIST_FILE = xDating/Info.plist;
				LD_RUNPATH_SEARCH_PATHS = (
					"$(inherited)",
					"@executable_path/Frameworks",
				);
				PRODUCT_BUNDLE_IDENTIFIER = com.bak.dating.xDating;
				PRODUCT_NAME = XD;
				SWIFT_VERSION = 5.0;
				TARGETED_DEVICE_FAMILY = "1,2";
			};
			name = Release;
		};
/* End XCBuildConfiguration section */

/* Begin XCConfigurationList section */
		2B9E97E424C6FBDA00ED7A68 /* Build configuration list for PBXProject "xDating" */ = {
			isa = XCConfigurationList;
			buildConfigurations = (
				2B9E97FB24C6FBDA00ED7A68 /* Debug */,
				2B9E97FC24C6FBDA00ED7A68 /* Release */,
			);
			defaultConfigurationIsVisible = 0;
			defaultConfigurationName = Release;
		};
		2B9E97FD24C6FBDA00ED7A68 /* Build configuration list for PBXNativeTarget "xDating" */ = {
			isa = XCConfigurationList;
			buildConfigurations = (
				2B9E97FE24C6FBDA00ED7A68 /* Debug */,
				2B9E97FF24C6FBDA00ED7A68 /* Release */,
			);
			defaultConfigurationIsVisible = 0;
			defaultConfigurationName = Release;
		};
/* End XCConfigurationList section */
	};
	rootObject = 2B9E97E124C6FBDA00ED7A68 /* Project object */;
}
